// !$*UTF8*$!
{
	archiveVersion = 1;
	classes = {
	};
	objectVersion = 46;
	objects = {

/* Begin PBXBuildFile section */
		9D01742C141AA6F10035A4C2 /* Foundation.framework in Frameworks */ = {isa = PBXBuildFile; fileRef = 9D01742B141AA6F10035A4C2 /* Foundation.framework */; };
		9D017439141AA6F10035A4C2 /* SenTestingKit.framework in Frameworks */ = {isa = PBXBuildFile; fileRef = 9D8B8B001413CA8B0066ECBB /* SenTestingKit.framework */; };
		9D01743B141AA6F10035A4C2 /* UIKit.framework in Frameworks */ = {isa = PBXBuildFile; fileRef = 9D01743A141AA6F10035A4C2 /* UIKit.framework */; };
		9D01743C141AA6F10035A4C2 /* Foundation.framework in Frameworks */ = {isa = PBXBuildFile; fileRef = 9D01742B141AA6F10035A4C2 /* Foundation.framework */; };
		9D01743F141AA6F10035A4C2 /* libiM3.a in Frameworks */ = {isa = PBXBuildFile; fileRef = 9D01742A141AA6F10035A4C2 /* libiM3.a */; };
		9D017445141AA6F10035A4C2 /* InfoPlist.strings in Resources */ = {isa = PBXBuildFile; fileRef = 9D017443141AA6F10035A4C2 /* InfoPlist.strings */; };
		9D017448141AA6F10035A4C2 /* iM3Tests.m in Sources */ = {isa = PBXBuildFile; fileRef = 9D017447141AA6F10035A4C2 /* iM3Tests.m */; };
		9D017450141AA7AF0035A4C2 /* LoggerClient.m in Sources */ = {isa = PBXBuildFile; fileRef = 9D0EF74B1413DFF50051B8FA /* LoggerClient.m */; };
		9D017451141AA7B50035A4C2 /* JSONKit.m in Sources */ = {isa = PBXBuildFile; fileRef = 9D0EF71D1413D45C0051B8FA /* JSONKit.m */; };
		9D017452141AA7BE0035A4C2 /* Chair.mm in Sources */ = {isa = PBXBuildFile; fileRef = 9D0EF7261413DBF90051B8FA /* Chair.mm */; };
		9D017453141AA7BE0035A4C2 /* ChairDatabase.mm in Sources */ = {isa = PBXBuildFile; fileRef = 9D0EF7281413DBF90051B8FA /* ChairDatabase.mm */; };
		9D017454141AA7BE0035A4C2 /* ChairDictionary.mm in Sources */ = {isa = PBXBuildFile; fileRef = 9D0EF72A1413DBF90051B8FA /* ChairDictionary.mm */; };
		9D017455141AA7BE0035A4C2 /* ChairDynamicView.mm in Sources */ = {isa = PBXBuildFile; fileRef = 9D0EF72C1413DBF90051B8FA /* ChairDynamicView.mm */; };
		9D017456141AA7BE0035A4C2 /* ChairTable.mm in Sources */ = {isa = PBXBuildFile; fileRef = 9D0EF72E1413DBF90051B8FA /* ChairTable.mm */; };
		9D017457141AA7BE0035A4C2 /* ChairView.mm in Sources */ = {isa = PBXBuildFile; fileRef = 9D0EF7321413DBF90051B8FA /* ChairView.mm */; };
		9D017458141AA7DF0035A4C2 /* M3EventCenter.mm in Sources */ = {isa = PBXBuildFile; fileRef = 9D7E3DCB141A347C00BB80E1 /* M3EventCenter.mm */; };
		9D017459141AA7DF0035A4C2 /* M3EventCenter+DefaultCenter.mm in Sources */ = {isa = PBXBuildFile; fileRef = 9D7E3DD1141A3DD400BB80E1 /* M3EventCenter+DefaultCenter.mm */; };
		9D01745A141AA7DF0035A4C2 /* M3EventCenter+Disconnect.m in Sources */ = {isa = PBXBuildFile; fileRef = 9D7E3DD2141A3DD400BB80E1 /* M3EventCenter+Disconnect.m */; };
		9D01745B141AA7DF0035A4C2 /* M3StopWatch.m in Sources */ = {isa = PBXBuildFile; fileRef = 9D9656B214177F9700884372 /* M3StopWatch.m */; };
		9D01745C141AA7DF0035A4C2 /* M3Etest.mm in Sources */ = {isa = PBXBuildFile; fileRef = 9D9656AC14177A6C00884372 /* M3Etest.mm */; };
		9D01745D141AA7DF0035A4C2 /* M3+Events.m in Sources */ = {isa = PBXBuildFile; fileRef = 9D99B2D11416A4E50040768E /* M3+Events.m */; };
		9D01745E141AA7DF0035A4C2 /* M3.m in Sources */ = {isa = PBXBuildFile; fileRef = 9D8B8AF81413CA8B0066ECBB /* M3.m */; };
		9D01745F141AA7DF0035A4C2 /* M3+Comparison.mm in Sources */ = {isa = PBXBuildFile; fileRef = 9D8B8B181413CAD90066ECBB /* M3+Comparison.mm */; };
		9D017460141AA7DF0035A4C2 /* M3+Crypto.mm in Sources */ = {isa = PBXBuildFile; fileRef = 9D8B8B1A1413CAD90066ECBB /* M3+Crypto.mm */; };
		9D017461141AA7DF0035A4C2 /* M3+Enumeration.mm in Sources */ = {isa = PBXBuildFile; fileRef = 9D8B8B1C1413CAD90066ECBB /* M3+Enumeration.mm */; };
		9D017462141AA7DF0035A4C2 /* M3+FileIO.mm in Sources */ = {isa = PBXBuildFile; fileRef = 9D8B8B1E1413CAD90066ECBB /* M3+FileIO.mm */; };
		9D017463141AA7DF0035A4C2 /* M3+Filenames.m in Sources */ = {isa = PBXBuildFile; fileRef = 9D8B8B201413CAD90066ECBB /* M3+Filenames.m */; };
		9D017464141AA7DF0035A4C2 /* M3+JSON.mm in Sources */ = {isa = PBXBuildFile; fileRef = 9D8B8B221413CAD90066ECBB /* M3+JSON.mm */; };
		9D017465141AA7DF0035A4C2 /* M3Exception.m in Sources */ = {isa = PBXBuildFile; fileRef = 9D8B8B251413CAD90066ECBB /* M3Exception.m */; };
		9D017466141AA7DF0035A4C2 /* NSArray+Globbing.m in Sources */ = {isa = PBXBuildFile; fileRef = 9D0EF70F1413D1A60051B8FA /* NSArray+Globbing.m */; };
		9D017467141AA7DF0035A4C2 /* NSString+Regexp.m in Sources */ = {isa = PBXBuildFile; fileRef = 9D0EF7111413D1A60051B8FA /* NSString+Regexp.m */; };
		9D017468141AA7DF0035A4C2 /* Underscore.mm in Sources */ = {isa = PBXBuildFile; fileRef = 9D8B8B481413CC010066ECBB /* Underscore.mm */; };
		9D017469141AA7DF0035A4C2 /* Underscore+Logger.mm in Sources */ = {isa = PBXBuildFile; fileRef = 9D8B8B291413CAD90066ECBB /* Underscore+Logger.mm */; };
		9D01746B141AA8F90035A4C2 /* libstdc++.dylib in Frameworks */ = {isa = PBXBuildFile; fileRef = 9D01746A141AA8F90035A4C2 /* libstdc++.dylib */; };
		9D01746D141AA9C00035A4C2 /* SystemConfiguration.framework in Frameworks */ = {isa = PBXBuildFile; fileRef = 9D01746C141AA9C00035A4C2 /* SystemConfiguration.framework */; };
		9D01746F141AA9D00035A4C2 /* CFNetwork.framework in Frameworks */ = {isa = PBXBuildFile; fileRef = 9D01746E141AA9D00035A4C2 /* CFNetwork.framework */; };
		9D0EF7121413D1A60051B8FA /* M3+Additions.h in Headers */ = {isa = PBXBuildFile; fileRef = 9D0EF70D1413D1A60051B8FA /* M3+Additions.h */; };
		9D0EF7131413D1A60051B8FA /* NSArray+Globbing.h in Headers */ = {isa = PBXBuildFile; fileRef = 9D0EF70E1413D1A60051B8FA /* NSArray+Globbing.h */; };
		9D0EF7141413D1A60051B8FA /* NSArray+Globbing.m in Sources */ = {isa = PBXBuildFile; fileRef = 9D0EF70F1413D1A60051B8FA /* NSArray+Globbing.m */; };
		9D0EF7161413D1A60051B8FA /* NSString+Regexp.h in Headers */ = {isa = PBXBuildFile; fileRef = 9D0EF7101413D1A60051B8FA /* NSString+Regexp.h */; };
		9D0EF7171413D1A60051B8FA /* NSString+Regexp.m in Sources */ = {isa = PBXBuildFile; fileRef = 9D0EF7111413D1A60051B8FA /* NSString+Regexp.m */; };
		9D0EF71F1413D45C0051B8FA /* CHANGELOG.md in Resources */ = {isa = PBXBuildFile; fileRef = 9D0EF71B1413D45C0051B8FA /* CHANGELOG.md */; };
		9D0EF7201413D45C0051B8FA /* JSONKit.h in Headers */ = {isa = PBXBuildFile; fileRef = 9D0EF71C1413D45C0051B8FA /* JSONKit.h */; };
		9D0EF7211413D45C0051B8FA /* JSONKit.m in Sources */ = {isa = PBXBuildFile; fileRef = 9D0EF71D1413D45C0051B8FA /* JSONKit.m */; };
		9D0EF7231413D45C0051B8FA /* README.md in Resources */ = {isa = PBXBuildFile; fileRef = 9D0EF71E1413D45C0051B8FA /* README.md */; };
		9D0EF7331413DBF90051B8FA /* Chair.h in Headers */ = {isa = PBXBuildFile; fileRef = 9D0EF7251413DBF90051B8FA /* Chair.h */; };
		9D0EF7341413DBF90051B8FA /* Chair.mm in Sources */ = {isa = PBXBuildFile; fileRef = 9D0EF7261413DBF90051B8FA /* Chair.mm */; };
		9D0EF7361413DBF90051B8FA /* ChairDatabase.h in Headers */ = {isa = PBXBuildFile; fileRef = 9D0EF7271413DBF90051B8FA /* ChairDatabase.h */; };
		9D0EF7371413DBF90051B8FA /* ChairDatabase.mm in Sources */ = {isa = PBXBuildFile; fileRef = 9D0EF7281413DBF90051B8FA /* ChairDatabase.mm */; };
		9D0EF7391413DBF90051B8FA /* ChairDictionary.h in Headers */ = {isa = PBXBuildFile; fileRef = 9D0EF7291413DBF90051B8FA /* ChairDictionary.h */; };
		9D0EF73A1413DBF90051B8FA /* ChairDictionary.mm in Sources */ = {isa = PBXBuildFile; fileRef = 9D0EF72A1413DBF90051B8FA /* ChairDictionary.mm */; };
		9D0EF73C1413DBF90051B8FA /* ChairDynamicView.h in Headers */ = {isa = PBXBuildFile; fileRef = 9D0EF72B1413DBF90051B8FA /* ChairDynamicView.h */; };
		9D0EF73D1413DBF90051B8FA /* ChairDynamicView.mm in Sources */ = {isa = PBXBuildFile; fileRef = 9D0EF72C1413DBF90051B8FA /* ChairDynamicView.mm */; };
		9D0EF73F1413DBF90051B8FA /* ChairTable.h in Headers */ = {isa = PBXBuildFile; fileRef = 9D0EF72D1413DBF90051B8FA /* ChairTable.h */; };
		9D0EF7401413DBF90051B8FA /* ChairTable.mm in Sources */ = {isa = PBXBuildFile; fileRef = 9D0EF72E1413DBF90051B8FA /* ChairTable.mm */; };
		9D0EF7451413DBF90051B8FA /* ChairView.h in Headers */ = {isa = PBXBuildFile; fileRef = 9D0EF7311413DBF90051B8FA /* ChairView.h */; };
		9D0EF7461413DBF90051B8FA /* ChairView.mm in Sources */ = {isa = PBXBuildFile; fileRef = 9D0EF7321413DBF90051B8FA /* ChairView.mm */; };
		9D0EF74D1413DFF50051B8FA /* LoggerClient.h in Headers */ = {isa = PBXBuildFile; fileRef = 9D0EF74A1413DFF50051B8FA /* LoggerClient.h */; };
		9D0EF74E1413DFF50051B8FA /* LoggerClient.m in Sources */ = {isa = PBXBuildFile; fileRef = 9D0EF74B1413DFF50051B8FA /* LoggerClient.m */; };
		9D0EF7501413DFF50051B8FA /* LoggerCommon.h in Headers */ = {isa = PBXBuildFile; fileRef = 9D0EF74C1413DFF50051B8FA /* LoggerCommon.h */; };
		9D0EF7521413E0400051B8FA /* SystemConfiguration.framework in Frameworks */ = {isa = PBXBuildFile; fileRef = 9D0EF7511413E0400051B8FA /* SystemConfiguration.framework */; };
		9D0EF7531413E04F0051B8FA /* SystemConfiguration.framework in Frameworks */ = {isa = PBXBuildFile; fileRef = 9D0EF7511413E0400051B8FA /* SystemConfiguration.framework */; };
		9D48ACB9141E9E3E00D0D000 /* UIKit.framework in Frameworks */ = {isa = PBXBuildFile; fileRef = 9D01743A141AA6F10035A4C2 /* UIKit.framework */; };
		9D48ACBA141E9E3E00D0D000 /* Foundation.framework in Frameworks */ = {isa = PBXBuildFile; fileRef = 9D01742B141AA6F10035A4C2 /* Foundation.framework */; };
		9D48ACBC141E9E3E00D0D000 /* CoreGraphics.framework in Frameworks */ = {isa = PBXBuildFile; fileRef = 9D48ACBB141E9E3E00D0D000 /* CoreGraphics.framework */; };
		9D48ACC2141E9E3E00D0D000 /* InfoPlist.strings in Resources */ = {isa = PBXBuildFile; fileRef = 9D48ACC0141E9E3E00D0D000 /* InfoPlist.strings */; };
		9D48ACC4141E9E3E00D0D000 /* main.m in Sources */ = {isa = PBXBuildFile; fileRef = 9D48ACC3141E9E3E00D0D000 /* main.m */; };
		9D48ACC8141E9E3E00D0D000 /* AppDelegate.mm in Sources */ = {isa = PBXBuildFile; fileRef = 9D48ACC7141E9E3E00D0D000 /* AppDelegate.mm */; };
		9D48ACCB141E9E3E00D0D000 /* FirstViewController.m in Sources */ = {isa = PBXBuildFile; fileRef = 9D48ACCA141E9E3E00D0D000 /* FirstViewController.m */; };
		9D48ACCD141E9E3E00D0D000 /* first.png in Resources */ = {isa = PBXBuildFile; fileRef = 9D48ACCC141E9E3E00D0D000 /* first.png */; };
		9D48ACCF141E9E3E00D0D000 /* first@2x.png in Resources */ = {isa = PBXBuildFile; fileRef = 9D48ACCE141E9E3E00D0D000 /* first@2x.png */; };
		9D48ACD2141E9E3E00D0D000 /* SecondViewController.m in Sources */ = {isa = PBXBuildFile; fileRef = 9D48ACD1141E9E3E00D0D000 /* SecondViewController.m */; };
		9D48ACD4141E9E3E00D0D000 /* second.png in Resources */ = {isa = PBXBuildFile; fileRef = 9D48ACD3141E9E3E00D0D000 /* second.png */; };
		9D48ACD6141E9E3E00D0D000 /* second@2x.png in Resources */ = {isa = PBXBuildFile; fileRef = 9D48ACD5141E9E3E00D0D000 /* second@2x.png */; };
		9D48ACD9141E9E3E00D0D000 /* FirstViewController_iPhone.xib in Resources */ = {isa = PBXBuildFile; fileRef = 9D48ACD7141E9E3E00D0D000 /* FirstViewController_iPhone.xib */; };
		9D48ACDC141E9E3E00D0D000 /* FirstViewController_iPad.xib in Resources */ = {isa = PBXBuildFile; fileRef = 9D48ACDA141E9E3E00D0D000 /* FirstViewController_iPad.xib */; };
		9D48ACDF141E9E3E00D0D000 /* SecondViewController_iPhone.xib in Resources */ = {isa = PBXBuildFile; fileRef = 9D48ACDD141E9E3E00D0D000 /* SecondViewController_iPhone.xib */; };
		9D48ACE2141E9E3E00D0D000 /* SecondViewController_iPad.xib in Resources */ = {isa = PBXBuildFile; fileRef = 9D48ACE0141E9E3E00D0D000 /* SecondViewController_iPad.xib */; };
		9D48ACE9141E9E3F00D0D000 /* SenTestingKit.framework in Frameworks */ = {isa = PBXBuildFile; fileRef = 9D8B8B001413CA8B0066ECBB /* SenTestingKit.framework */; };
		9D48ACEA141E9E3F00D0D000 /* UIKit.framework in Frameworks */ = {isa = PBXBuildFile; fileRef = 9D01743A141AA6F10035A4C2 /* UIKit.framework */; };
		9D48ACEB141E9E3F00D0D000 /* Foundation.framework in Frameworks */ = {isa = PBXBuildFile; fileRef = 9D01742B141AA6F10035A4C2 /* Foundation.framework */; };
		9D48ACF3141E9E3F00D0D000 /* InfoPlist.strings in Resources */ = {isa = PBXBuildFile; fileRef = 9D48ACF1141E9E3F00D0D000 /* InfoPlist.strings */; };
		9D48ACF6141E9E3F00D0D000 /* iM3ExampleTests.m in Sources */ = {isa = PBXBuildFile; fileRef = 9D48ACF5141E9E3F00D0D000 /* iM3ExampleTests.m */; };
		9D48ACFE141EAB5A00D0D000 /* libiM3.a in Frameworks */ = {isa = PBXBuildFile; fileRef = 9D01742A141AA6F10035A4C2 /* libiM3.a */; };
		9D58CAE5141FE4FB0047A5FA /* AppDelegate+Nib.mm in Sources */ = {isa = PBXBuildFile; fileRef = 9D58CAE4141FE4FB0047A5FA /* AppDelegate+Nib.mm */; };
		9D7E3DC8141A2F6800BB80E1 /* M3EventCenter.h in Headers */ = {isa = PBXBuildFile; fileRef = 9D7E3DC6141A2F6800BB80E1 /* M3EventCenter.h */; };
		9D7E3DCD141A347C00BB80E1 /* M3EventCenter.mm in Sources */ = {isa = PBXBuildFile; fileRef = 9D7E3DCB141A347C00BB80E1 /* M3EventCenter.mm */; };
		9D7E3DD5141A3DD400BB80E1 /* M3EventCenter+DefaultCenter.mm in Sources */ = {isa = PBXBuildFile; fileRef = 9D7E3DD1141A3DD400BB80E1 /* M3EventCenter+DefaultCenter.mm */; };
		9D7E3DD6141A3DD400BB80E1 /* M3EventCenter+Disconnect.m in Sources */ = {isa = PBXBuildFile; fileRef = 9D7E3DD2141A3DD400BB80E1 /* M3EventCenter+Disconnect.m */; };
		9D8B8AEF1413CA8B0066ECBB /* Cocoa.framework in Frameworks */ = {isa = PBXBuildFile; fileRef = 9D8B8AEE1413CA8B0066ECBB /* Cocoa.framework */; };
		9D8B8AF91413CA8B0066ECBB /* M3.m in Sources */ = {isa = PBXBuildFile; fileRef = 9D8B8AF81413CA8B0066ECBB /* M3.m */; };
		9D8B8B011413CA8B0066ECBB /* SenTestingKit.framework in Frameworks */ = {isa = PBXBuildFile; fileRef = 9D8B8B001413CA8B0066ECBB /* SenTestingKit.framework */; };
		9D8B8B021413CA8B0066ECBB /* Cocoa.framework in Frameworks */ = {isa = PBXBuildFile; fileRef = 9D8B8AEE1413CA8B0066ECBB /* Cocoa.framework */; };
		9D8B8B051413CA8B0066ECBB /* libM3.a in Frameworks */ = {isa = PBXBuildFile; fileRef = 9D8B8AEB1413CA8B0066ECBB /* libM3.a */; };
		9D8B8B0B1413CA8B0066ECBB /* InfoPlist.strings in Resources */ = {isa = PBXBuildFile; fileRef = 9D8B8B091413CA8B0066ECBB /* InfoPlist.strings */; };
		9D8B8B2A1413CAD90066ECBB /* M3+Comparison.h in Headers */ = {isa = PBXBuildFile; fileRef = 9D8B8B171413CAD90066ECBB /* M3+Comparison.h */; };
		9D8B8B2B1413CAD90066ECBB /* M3+Comparison.mm in Sources */ = {isa = PBXBuildFile; fileRef = 9D8B8B181413CAD90066ECBB /* M3+Comparison.mm */; };
		9D8B8B2D1413CAD90066ECBB /* M3+Crypto.h in Headers */ = {isa = PBXBuildFile; fileRef = 9D8B8B191413CAD90066ECBB /* M3+Crypto.h */; };
		9D8B8B2E1413CAD90066ECBB /* M3+Crypto.mm in Sources */ = {isa = PBXBuildFile; fileRef = 9D8B8B1A1413CAD90066ECBB /* M3+Crypto.mm */; };
		9D8B8B301413CAD90066ECBB /* M3+Enumeration.h in Headers */ = {isa = PBXBuildFile; fileRef = 9D8B8B1B1413CAD90066ECBB /* M3+Enumeration.h */; };
		9D8B8B311413CAD90066ECBB /* M3+Enumeration.mm in Sources */ = {isa = PBXBuildFile; fileRef = 9D8B8B1C1413CAD90066ECBB /* M3+Enumeration.mm */; };
		9D8B8B331413CAD90066ECBB /* M3+FileIO.h in Headers */ = {isa = PBXBuildFile; fileRef = 9D8B8B1D1413CAD90066ECBB /* M3+FileIO.h */; };
		9D8B8B341413CAD90066ECBB /* M3+FileIO.mm in Sources */ = {isa = PBXBuildFile; fileRef = 9D8B8B1E1413CAD90066ECBB /* M3+FileIO.mm */; };
		9D8B8B361413CAD90066ECBB /* M3+Filenames.h in Headers */ = {isa = PBXBuildFile; fileRef = 9D8B8B1F1413CAD90066ECBB /* M3+Filenames.h */; };
		9D8B8B371413CAD90066ECBB /* M3+Filenames.m in Sources */ = {isa = PBXBuildFile; fileRef = 9D8B8B201413CAD90066ECBB /* M3+Filenames.m */; };
		9D8B8B391413CAD90066ECBB /* M3+JSON.h in Headers */ = {isa = PBXBuildFile; fileRef = 9D8B8B211413CAD90066ECBB /* M3+JSON.h */; };
		9D8B8B3A1413CAD90066ECBB /* M3+JSON.mm in Sources */ = {isa = PBXBuildFile; fileRef = 9D8B8B221413CAD90066ECBB /* M3+JSON.mm */; };
		9D8B8B3E1413CAD90066ECBB /* M3Exception.h in Headers */ = {isa = PBXBuildFile; fileRef = 9D8B8B241413CAD90066ECBB /* M3Exception.h */; };
		9D8B8B3F1413CAD90066ECBB /* M3Exception.m in Sources */ = {isa = PBXBuildFile; fileRef = 9D8B8B251413CAD90066ECBB /* M3Exception.m */; };
		9D8B8B441413CAD90066ECBB /* M3MemoryManagement.h in Headers */ = {isa = PBXBuildFile; fileRef = 9D8B8B281413CAD90066ECBB /* M3MemoryManagement.h */; };
		9D8B8B451413CAD90066ECBB /* Underscore+Logger.mm in Sources */ = {isa = PBXBuildFile; fileRef = 9D8B8B291413CAD90066ECBB /* Underscore+Logger.mm */; };
		9D8B8B491413CC010066ECBB /* Underscore.hh in Headers */ = {isa = PBXBuildFile; fileRef = 9D8B8B471413CC010066ECBB /* Underscore.hh */; };
		9D8B8B4A1413CC010066ECBB /* Underscore.mm in Sources */ = {isa = PBXBuildFile; fileRef = 9D8B8B481413CC010066ECBB /* Underscore.mm */; };
		9D8EAD55141E839400B21BEA /* M3Http.h in Headers */ = {isa = PBXBuildFile; fileRef = 9D8EAD53141E839400B21BEA /* M3Http.h */; };
		9D8EAD56141E839400B21BEA /* M3Http.h in Headers */ = {isa = PBXBuildFile; fileRef = 9D8EAD53141E839400B21BEA /* M3Http.h */; };
		9D8EAD57141E839400B21BEA /* M3Http.m in Sources */ = {isa = PBXBuildFile; fileRef = 9D8EAD54141E839400B21BEA /* M3Http.m */; };
		9D8EAD58141E839400B21BEA /* M3Http.m in Sources */ = {isa = PBXBuildFile; fileRef = 9D8EAD54141E839400B21BEA /* M3Http.m */; };
		9D9656AD14177A6C00884372 /* M3Etest.h in Headers */ = {isa = PBXBuildFile; fileRef = 9D9656AB14177A6C00884372 /* M3Etest.h */; };
		9D9656AE14177A6C00884372 /* M3Etest.mm in Sources */ = {isa = PBXBuildFile; fileRef = 9D9656AC14177A6C00884372 /* M3Etest.mm */; };
		9D9656B314177F9700884372 /* M3StopWatch.h in Headers */ = {isa = PBXBuildFile; fileRef = 9D9656B114177F9700884372 /* M3StopWatch.h */; };
		9D9656B414177F9700884372 /* M3StopWatch.m in Sources */ = {isa = PBXBuildFile; fileRef = 9D9656B214177F9700884372 /* M3StopWatch.m */; };
		9D9656BC1417C1B600884372 /* M3Tests.mm in Sources */ = {isa = PBXBuildFile; fileRef = 9D8B8B0D1413CA8B0066ECBB /* M3Tests.mm */; };
		9D99B2CF1416A3380040768E /* M3+Events.h in Headers */ = {isa = PBXBuildFile; fileRef = 9D99B2CE1416A3380040768E /* M3+Events.h */; };
		9D99B2D21416A4E50040768E /* M3+Events.m in Sources */ = {isa = PBXBuildFile; fileRef = 9D99B2D11416A4E50040768E /* M3+Events.m */; };
/* End PBXBuildFile section */

/* Begin PBXContainerItemProxy section */
		9D01743D141AA6F10035A4C2 /* PBXContainerItemProxy */ = {
			isa = PBXContainerItemProxy;
			containerPortal = 9D8B8AE21413CA8B0066ECBB /* Project object */;
			proxyType = 1;
			remoteGlobalIDString = 9D017429141AA6F10035A4C2;
			remoteInfo = iM3;
		};
		9D48ACEC141E9E3F00D0D000 /* PBXContainerItemProxy */ = {
			isa = PBXContainerItemProxy;
			containerPortal = 9D8B8AE21413CA8B0066ECBB /* Project object */;
			proxyType = 1;
			remoteGlobalIDString = 9D48ACB6141E9E3E00D0D000;
			remoteInfo = iM3Example;
		};
		9D8B8B031413CA8B0066ECBB /* PBXContainerItemProxy */ = {
			isa = PBXContainerItemProxy;
			containerPortal = 9D8B8AE21413CA8B0066ECBB /* Project object */;
			proxyType = 1;
			remoteGlobalIDString = 9D8B8AEA1413CA8B0066ECBB;
			remoteInfo = M3;
		};
/* End PBXContainerItemProxy section */

/* Begin PBXFileReference section */
		9D01742A141AA6F10035A4C2 /* libiM3.a */ = {isa = PBXFileReference; explicitFileType = archive.ar; includeInIndex = 0; path = libiM3.a; sourceTree = BUILT_PRODUCTS_DIR; };
		9D01742B141AA6F10035A4C2 /* Foundation.framework */ = {isa = PBXFileReference; lastKnownFileType = wrapper.framework; name = Foundation.framework; path = System/Library/Frameworks/Foundation.framework; sourceTree = SDKROOT; };
		9D01742F141AA6F10035A4C2 /* iM3-Prefix.pch */ = {isa = PBXFileReference; lastKnownFileType = sourcecode.c.h; path = "iM3-Prefix.pch"; sourceTree = "<group>"; };
		9D017430141AA6F10035A4C2 /* iM3.h */ = {isa = PBXFileReference; lastKnownFileType = sourcecode.c.h; path = iM3.h; sourceTree = "<group>"; };
		9D017431141AA6F10035A4C2 /* iM3.m */ = {isa = PBXFileReference; lastKnownFileType = sourcecode.c.objc; path = iM3.m; sourceTree = "<group>"; };
		9D017438141AA6F10035A4C2 /* iM3Tests.octest */ = {isa = PBXFileReference; explicitFileType = wrapper.cfbundle; includeInIndex = 0; path = iM3Tests.octest; sourceTree = BUILT_PRODUCTS_DIR; };
		9D01743A141AA6F10035A4C2 /* UIKit.framework */ = {isa = PBXFileReference; lastKnownFileType = wrapper.framework; name = UIKit.framework; path = Library/Frameworks/UIKit.framework; sourceTree = DEVELOPER_DIR; };
		9D017442141AA6F10035A4C2 /* iM3Tests-Info.plist */ = {isa = PBXFileReference; lastKnownFileType = text.plist.xml; path = "iM3Tests-Info.plist"; sourceTree = "<group>"; };
		9D017444141AA6F10035A4C2 /* en */ = {isa = PBXFileReference; lastKnownFileType = text.plist.strings; name = en; path = en.lproj/InfoPlist.strings; sourceTree = "<group>"; };
		9D017446141AA6F10035A4C2 /* iM3Tests.h */ = {isa = PBXFileReference; lastKnownFileType = sourcecode.c.h; path = iM3Tests.h; sourceTree = "<group>"; };
		9D017447141AA6F10035A4C2 /* iM3Tests.m */ = {isa = PBXFileReference; lastKnownFileType = sourcecode.c.objc; path = iM3Tests.m; sourceTree = "<group>"; };
		9D01746A141AA8F90035A4C2 /* libstdc++.dylib */ = {isa = PBXFileReference; lastKnownFileType = "compiled.mach-o.dylib"; name = "libstdc++.dylib"; path = "Platforms/iPhoneOS.platform/Developer/SDKs/iPhoneOS5.0.sdk/usr/lib/libstdc++.dylib"; sourceTree = DEVELOPER_DIR; };
		9D01746C141AA9C00035A4C2 /* SystemConfiguration.framework */ = {isa = PBXFileReference; lastKnownFileType = wrapper.framework; name = SystemConfiguration.framework; path = Platforms/iPhoneOS.platform/Developer/SDKs/iPhoneOS5.0.sdk/System/Library/Frameworks/SystemConfiguration.framework; sourceTree = DEVELOPER_DIR; };
		9D01746E141AA9D00035A4C2 /* CFNetwork.framework */ = {isa = PBXFileReference; lastKnownFileType = wrapper.framework; name = CFNetwork.framework; path = Platforms/iPhoneOS.platform/Developer/SDKs/iPhoneOS5.0.sdk/System/Library/Frameworks/CFNetwork.framework; sourceTree = DEVELOPER_DIR; };
		9D0EF70D1413D1A60051B8FA /* M3+Additions.h */ = {isa = PBXFileReference; fileEncoding = 4; lastKnownFileType = sourcecode.c.h; path = "M3+Additions.h"; sourceTree = "<group>"; };
		9D0EF70E1413D1A60051B8FA /* NSArray+Globbing.h */ = {isa = PBXFileReference; fileEncoding = 4; lastKnownFileType = sourcecode.c.h; path = "NSArray+Globbing.h"; sourceTree = "<group>"; };
		9D0EF70F1413D1A60051B8FA /* NSArray+Globbing.m */ = {isa = PBXFileReference; fileEncoding = 4; lastKnownFileType = sourcecode.c.objc; path = "NSArray+Globbing.m"; sourceTree = "<group>"; };
		9D0EF7101413D1A60051B8FA /* NSString+Regexp.h */ = {isa = PBXFileReference; fileEncoding = 4; lastKnownFileType = sourcecode.c.h; path = "NSString+Regexp.h"; sourceTree = "<group>"; };
		9D0EF7111413D1A60051B8FA /* NSString+Regexp.m */ = {isa = PBXFileReference; fileEncoding = 4; lastKnownFileType = sourcecode.c.objc; path = "NSString+Regexp.m"; sourceTree = "<group>"; };
		9D0EF71B1413D45C0051B8FA /* CHANGELOG.md */ = {isa = PBXFileReference; fileEncoding = 4; lastKnownFileType = text; path = CHANGELOG.md; sourceTree = "<group>"; };
		9D0EF71C1413D45C0051B8FA /* JSONKit.h */ = {isa = PBXFileReference; fileEncoding = 4; lastKnownFileType = sourcecode.c.h; path = JSONKit.h; sourceTree = "<group>"; };
		9D0EF71D1413D45C0051B8FA /* JSONKit.m */ = {isa = PBXFileReference; fileEncoding = 4; lastKnownFileType = sourcecode.c.objc; path = JSONKit.m; sourceTree = "<group>"; };
		9D0EF71E1413D45C0051B8FA /* README.md */ = {isa = PBXFileReference; fileEncoding = 4; lastKnownFileType = text; path = README.md; sourceTree = "<group>"; };
		9D0EF7251413DBF90051B8FA /* Chair.h */ = {isa = PBXFileReference; fileEncoding = 4; lastKnownFileType = sourcecode.c.h; path = Chair.h; sourceTree = "<group>"; };
		9D0EF7261413DBF90051B8FA /* Chair.mm */ = {isa = PBXFileReference; fileEncoding = 4; lastKnownFileType = sourcecode.cpp.objcpp; path = Chair.mm; sourceTree = "<group>"; };
		9D0EF7271413DBF90051B8FA /* ChairDatabase.h */ = {isa = PBXFileReference; fileEncoding = 4; lastKnownFileType = sourcecode.c.h; path = ChairDatabase.h; sourceTree = "<group>"; };
		9D0EF7281413DBF90051B8FA /* ChairDatabase.mm */ = {isa = PBXFileReference; fileEncoding = 4; lastKnownFileType = sourcecode.cpp.objcpp; path = ChairDatabase.mm; sourceTree = "<group>"; };
		9D0EF7291413DBF90051B8FA /* ChairDictionary.h */ = {isa = PBXFileReference; fileEncoding = 4; lastKnownFileType = sourcecode.c.h; path = ChairDictionary.h; sourceTree = "<group>"; };
		9D0EF72A1413DBF90051B8FA /* ChairDictionary.mm */ = {isa = PBXFileReference; fileEncoding = 4; lastKnownFileType = sourcecode.cpp.objcpp; path = ChairDictionary.mm; sourceTree = "<group>"; };
		9D0EF72B1413DBF90051B8FA /* ChairDynamicView.h */ = {isa = PBXFileReference; fileEncoding = 4; lastKnownFileType = sourcecode.c.h; path = ChairDynamicView.h; sourceTree = "<group>"; };
		9D0EF72C1413DBF90051B8FA /* ChairDynamicView.mm */ = {isa = PBXFileReference; fileEncoding = 4; lastKnownFileType = sourcecode.cpp.objcpp; path = ChairDynamicView.mm; sourceTree = "<group>"; };
		9D0EF72D1413DBF90051B8FA /* ChairTable.h */ = {isa = PBXFileReference; fileEncoding = 4; lastKnownFileType = sourcecode.c.h; path = ChairTable.h; sourceTree = "<group>"; };
		9D0EF72E1413DBF90051B8FA /* ChairTable.mm */ = {isa = PBXFileReference; fileEncoding = 4; lastKnownFileType = sourcecode.cpp.objcpp; path = ChairTable.mm; sourceTree = "<group>"; };
		9D0EF7311413DBF90051B8FA /* ChairView.h */ = {isa = PBXFileReference; fileEncoding = 4; lastKnownFileType = sourcecode.c.h; path = ChairView.h; sourceTree = "<group>"; };
		9D0EF7321413DBF90051B8FA /* ChairView.mm */ = {isa = PBXFileReference; fileEncoding = 4; lastKnownFileType = sourcecode.cpp.objcpp; path = ChairView.mm; sourceTree = "<group>"; };
		9D0EF74A1413DFF50051B8FA /* LoggerClient.h */ = {isa = PBXFileReference; fileEncoding = 4; lastKnownFileType = sourcecode.c.h; name = LoggerClient.h; path = "vendor/NSLogger/Client Logger/iOS/LoggerClient.h"; sourceTree = "<group>"; };
		9D0EF74B1413DFF50051B8FA /* LoggerClient.m */ = {isa = PBXFileReference; fileEncoding = 4; lastKnownFileType = sourcecode.c.objc; name = LoggerClient.m; path = "vendor/NSLogger/Client Logger/iOS/LoggerClient.m"; sourceTree = "<group>"; };
		9D0EF74C1413DFF50051B8FA /* LoggerCommon.h */ = {isa = PBXFileReference; fileEncoding = 4; lastKnownFileType = sourcecode.c.h; name = LoggerCommon.h; path = "vendor/NSLogger/Client Logger/iOS/LoggerCommon.h"; sourceTree = "<group>"; };
		9D0EF7511413E0400051B8FA /* SystemConfiguration.framework */ = {isa = PBXFileReference; lastKnownFileType = wrapper.framework; name = SystemConfiguration.framework; path = System/Library/Frameworks/SystemConfiguration.framework; sourceTree = SDKROOT; };
		9D48ACB7141E9E3E00D0D000 /* iM3Example.app */ = {isa = PBXFileReference; explicitFileType = wrapper.application; includeInIndex = 0; path = iM3Example.app; sourceTree = BUILT_PRODUCTS_DIR; };
		9D48ACBB141E9E3E00D0D000 /* CoreGraphics.framework */ = {isa = PBXFileReference; lastKnownFileType = wrapper.framework; name = CoreGraphics.framework; path = Library/Frameworks/CoreGraphics.framework; sourceTree = DEVELOPER_DIR; };
		9D48ACBF141E9E3E00D0D000 /* iM3Example-Info.plist */ = {isa = PBXFileReference; lastKnownFileType = text.plist.xml; path = "iM3Example-Info.plist"; sourceTree = "<group>"; };
		9D48ACC1141E9E3E00D0D000 /* en */ = {isa = PBXFileReference; lastKnownFileType = text.plist.strings; name = en; path = en.lproj/InfoPlist.strings; sourceTree = "<group>"; };
		9D48ACC3141E9E3E00D0D000 /* main.m */ = {isa = PBXFileReference; lastKnownFileType = sourcecode.c.objc; path = main.m; sourceTree = "<group>"; };
		9D48ACC5141E9E3E00D0D000 /* iM3Example-Prefix.pch */ = {isa = PBXFileReference; lastKnownFileType = sourcecode.c.h; path = "iM3Example-Prefix.pch"; sourceTree = "<group>"; };
		9D48ACC6141E9E3E00D0D000 /* AppDelegate.h */ = {isa = PBXFileReference; lastKnownFileType = sourcecode.c.h; path = AppDelegate.h; sourceTree = "<group>"; };
		9D48ACC7141E9E3E00D0D000 /* AppDelegate.mm */ = {isa = PBXFileReference; lastKnownFileType = sourcecode.cpp.objcpp; path = AppDelegate.mm; sourceTree = "<group>"; };
		9D48ACC9141E9E3E00D0D000 /* FirstViewController.h */ = {isa = PBXFileReference; lastKnownFileType = sourcecode.c.h; path = FirstViewController.h; sourceTree = "<group>"; };
		9D48ACCA141E9E3E00D0D000 /* FirstViewController.m */ = {isa = PBXFileReference; lastKnownFileType = sourcecode.c.objc; path = FirstViewController.m; sourceTree = "<group>"; };
		9D48ACCC141E9E3E00D0D000 /* first.png */ = {isa = PBXFileReference; lastKnownFileType = image.png; path = first.png; sourceTree = "<group>"; };
		9D48ACCE141E9E3E00D0D000 /* first@2x.png */ = {isa = PBXFileReference; lastKnownFileType = image.png; path = "first@2x.png"; sourceTree = "<group>"; };
		9D48ACD0141E9E3E00D0D000 /* SecondViewController.h */ = {isa = PBXFileReference; lastKnownFileType = sourcecode.c.h; path = SecondViewController.h; sourceTree = "<group>"; };
		9D48ACD1141E9E3E00D0D000 /* SecondViewController.m */ = {isa = PBXFileReference; lastKnownFileType = sourcecode.c.objc; path = SecondViewController.m; sourceTree = "<group>"; };
		9D48ACD3141E9E3E00D0D000 /* second.png */ = {isa = PBXFileReference; lastKnownFileType = image.png; path = second.png; sourceTree = "<group>"; };
		9D48ACD5141E9E3E00D0D000 /* second@2x.png */ = {isa = PBXFileReference; lastKnownFileType = image.png; path = "second@2x.png"; sourceTree = "<group>"; };
		9D48ACD8141E9E3E00D0D000 /* en */ = {isa = PBXFileReference; lastKnownFileType = file.xib; name = en; path = en.lproj/FirstViewController_iPhone.xib; sourceTree = "<group>"; };
		9D48ACDB141E9E3E00D0D000 /* en */ = {isa = PBXFileReference; lastKnownFileType = file.xib; name = en; path = en.lproj/FirstViewController_iPad.xib; sourceTree = "<group>"; };
		9D48ACDE141E9E3E00D0D000 /* en */ = {isa = PBXFileReference; lastKnownFileType = file.xib; name = en; path = en.lproj/SecondViewController_iPhone.xib; sourceTree = "<group>"; };
		9D48ACE1141E9E3E00D0D000 /* en */ = {isa = PBXFileReference; lastKnownFileType = file.xib; name = en; path = en.lproj/SecondViewController_iPad.xib; sourceTree = "<group>"; };
		9D48ACE8141E9E3F00D0D000 /* iM3ExampleTests.octest */ = {isa = PBXFileReference; explicitFileType = wrapper.cfbundle; includeInIndex = 0; path = iM3ExampleTests.octest; sourceTree = BUILT_PRODUCTS_DIR; };
		9D48ACF0141E9E3F00D0D000 /* iM3ExampleTests-Info.plist */ = {isa = PBXFileReference; lastKnownFileType = text.plist.xml; path = "iM3ExampleTests-Info.plist"; sourceTree = "<group>"; };
		9D48ACF2141E9E3F00D0D000 /* en */ = {isa = PBXFileReference; lastKnownFileType = text.plist.strings; name = en; path = en.lproj/InfoPlist.strings; sourceTree = "<group>"; };
		9D48ACF4141E9E3F00D0D000 /* iM3ExampleTests.h */ = {isa = PBXFileReference; lastKnownFileType = sourcecode.c.h; path = iM3ExampleTests.h; sourceTree = "<group>"; };
		9D48ACF5141E9E3F00D0D000 /* iM3ExampleTests.m */ = {isa = PBXFileReference; lastKnownFileType = sourcecode.c.objc; path = iM3ExampleTests.m; sourceTree = "<group>"; };
		9D58CAE4141FE4FB0047A5FA /* AppDelegate+Nib.mm */ = {isa = PBXFileReference; fileEncoding = 4; lastKnownFileType = sourcecode.cpp.objcpp; path = "AppDelegate+Nib.mm"; sourceTree = "<group>"; };
		9D7E3DC6141A2F6800BB80E1 /* M3EventCenter.h */ = {isa = PBXFileReference; fileEncoding = 4; lastKnownFileType = sourcecode.c.h; path = M3EventCenter.h; sourceTree = "<group>"; };
		9D7E3DCB141A347C00BB80E1 /* M3EventCenter.mm */ = {isa = PBXFileReference; fileEncoding = 4; lastKnownFileType = sourcecode.cpp.objcpp; path = M3EventCenter.mm; sourceTree = "<group>"; };
		9D7E3DD1141A3DD400BB80E1 /* M3EventCenter+DefaultCenter.mm */ = {isa = PBXFileReference; fileEncoding = 4; lastKnownFileType = sourcecode.cpp.objcpp; path = "M3EventCenter+DefaultCenter.mm"; sourceTree = "<group>"; };
		9D7E3DD2141A3DD400BB80E1 /* M3EventCenter+Disconnect.m */ = {isa = PBXFileReference; fileEncoding = 4; lastKnownFileType = sourcecode.c.objc; path = "M3EventCenter+Disconnect.m"; sourceTree = "<group>"; };
		9D8B8AEB1413CA8B0066ECBB /* libM3.a */ = {isa = PBXFileReference; explicitFileType = archive.ar; includeInIndex = 0; path = libM3.a; sourceTree = BUILT_PRODUCTS_DIR; };
		9D8B8AEE1413CA8B0066ECBB /* Cocoa.framework */ = {isa = PBXFileReference; lastKnownFileType = wrapper.framework; name = Cocoa.framework; path = System/Library/Frameworks/Cocoa.framework; sourceTree = SDKROOT; };
		9D8B8AF11413CA8B0066ECBB /* AppKit.framework */ = {isa = PBXFileReference; lastKnownFileType = wrapper.framework; name = AppKit.framework; path = System/Library/Frameworks/AppKit.framework; sourceTree = SDKROOT; };
		9D8B8AF21413CA8B0066ECBB /* CoreData.framework */ = {isa = PBXFileReference; lastKnownFileType = wrapper.framework; name = CoreData.framework; path = System/Library/Frameworks/CoreData.framework; sourceTree = SDKROOT; };
		9D8B8AF31413CA8B0066ECBB /* Foundation.framework */ = {isa = PBXFileReference; lastKnownFileType = wrapper.framework; name = Foundation.framework; path = System/Library/Frameworks/Foundation.framework; sourceTree = SDKROOT; };
		9D8B8AF61413CA8B0066ECBB /* M3-Prefix.pch */ = {isa = PBXFileReference; lastKnownFileType = sourcecode.c.h; path = "M3-Prefix.pch"; sourceTree = "<group>"; };
		9D8B8AF71413CA8B0066ECBB /* M3.h */ = {isa = PBXFileReference; lastKnownFileType = sourcecode.c.h; path = M3.h; sourceTree = "<group>"; };
		9D8B8AF81413CA8B0066ECBB /* M3.m */ = {isa = PBXFileReference; lastKnownFileType = sourcecode.c.objc; path = M3.m; sourceTree = "<group>"; };
		9D8B8AFF1413CA8B0066ECBB /* M3Tests.octest */ = {isa = PBXFileReference; explicitFileType = wrapper.cfbundle; includeInIndex = 0; path = M3Tests.octest; sourceTree = BUILT_PRODUCTS_DIR; };
		9D8B8B001413CA8B0066ECBB /* SenTestingKit.framework */ = {isa = PBXFileReference; lastKnownFileType = wrapper.framework; name = SenTestingKit.framework; path = Library/Frameworks/SenTestingKit.framework; sourceTree = DEVELOPER_DIR; };
		9D8B8B081413CA8B0066ECBB /* M3Tests-Info.plist */ = {isa = PBXFileReference; lastKnownFileType = text.plist.xml; path = "M3Tests-Info.plist"; sourceTree = "<group>"; };
		9D8B8B0A1413CA8B0066ECBB /* en */ = {isa = PBXFileReference; lastKnownFileType = text.plist.strings; name = en; path = en.lproj/InfoPlist.strings; sourceTree = "<group>"; };
		9D8B8B0C1413CA8B0066ECBB /* M3Tests.h */ = {isa = PBXFileReference; lastKnownFileType = sourcecode.c.h; path = M3Tests.h; sourceTree = "<group>"; };
		9D8B8B0D1413CA8B0066ECBB /* M3Tests.mm */ = {isa = PBXFileReference; lastKnownFileType = sourcecode.cpp.objcpp; path = M3Tests.mm; sourceTree = "<group>"; };
		9D8B8B171413CAD90066ECBB /* M3+Comparison.h */ = {isa = PBXFileReference; fileEncoding = 4; lastKnownFileType = sourcecode.c.h; path = "M3+Comparison.h"; sourceTree = "<group>"; };
		9D8B8B181413CAD90066ECBB /* M3+Comparison.mm */ = {isa = PBXFileReference; fileEncoding = 4; lastKnownFileType = sourcecode.cpp.objcpp; path = "M3+Comparison.mm"; sourceTree = "<group>"; };
		9D8B8B191413CAD90066ECBB /* M3+Crypto.h */ = {isa = PBXFileReference; fileEncoding = 4; lastKnownFileType = sourcecode.c.h; path = "M3+Crypto.h"; sourceTree = "<group>"; };
		9D8B8B1A1413CAD90066ECBB /* M3+Crypto.mm */ = {isa = PBXFileReference; fileEncoding = 4; lastKnownFileType = sourcecode.cpp.objcpp; path = "M3+Crypto.mm"; sourceTree = "<group>"; };
		9D8B8B1B1413CAD90066ECBB /* M3+Enumeration.h */ = {isa = PBXFileReference; fileEncoding = 4; lastKnownFileType = sourcecode.c.h; path = "M3+Enumeration.h"; sourceTree = "<group>"; };
		9D8B8B1C1413CAD90066ECBB /* M3+Enumeration.mm */ = {isa = PBXFileReference; fileEncoding = 4; lastKnownFileType = sourcecode.cpp.objcpp; path = "M3+Enumeration.mm"; sourceTree = "<group>"; };
		9D8B8B1D1413CAD90066ECBB /* M3+FileIO.h */ = {isa = PBXFileReference; fileEncoding = 4; lastKnownFileType = sourcecode.c.h; path = "M3+FileIO.h"; sourceTree = "<group>"; };
		9D8B8B1E1413CAD90066ECBB /* M3+FileIO.mm */ = {isa = PBXFileReference; fileEncoding = 4; lastKnownFileType = sourcecode.cpp.objcpp; path = "M3+FileIO.mm"; sourceTree = "<group>"; };
		9D8B8B1F1413CAD90066ECBB /* M3+Filenames.h */ = {isa = PBXFileReference; fileEncoding = 4; lastKnownFileType = sourcecode.c.h; path = "M3+Filenames.h"; sourceTree = "<group>"; };
		9D8B8B201413CAD90066ECBB /* M3+Filenames.m */ = {isa = PBXFileReference; fileEncoding = 4; lastKnownFileType = sourcecode.c.objc; path = "M3+Filenames.m"; sourceTree = "<group>"; };
		9D8B8B211413CAD90066ECBB /* M3+JSON.h */ = {isa = PBXFileReference; fileEncoding = 4; lastKnownFileType = sourcecode.c.h; path = "M3+JSON.h"; sourceTree = "<group>"; };
		9D8B8B221413CAD90066ECBB /* M3+JSON.mm */ = {isa = PBXFileReference; fileEncoding = 4; lastKnownFileType = sourcecode.cpp.objcpp; path = "M3+JSON.mm"; sourceTree = "<group>"; };
		9D8B8B241413CAD90066ECBB /* M3Exception.h */ = {isa = PBXFileReference; fileEncoding = 4; lastKnownFileType = sourcecode.c.h; path = M3Exception.h; sourceTree = "<group>"; };
		9D8B8B251413CAD90066ECBB /* M3Exception.m */ = {isa = PBXFileReference; fileEncoding = 4; lastKnownFileType = sourcecode.c.objc; path = M3Exception.m; sourceTree = "<group>"; };
		9D8B8B281413CAD90066ECBB /* M3MemoryManagement.h */ = {isa = PBXFileReference; fileEncoding = 4; lastKnownFileType = sourcecode.c.h; path = M3MemoryManagement.h; sourceTree = "<group>"; };
		9D8B8B291413CAD90066ECBB /* Underscore+Logger.mm */ = {isa = PBXFileReference; fileEncoding = 4; lastKnownFileType = sourcecode.cpp.objcpp; path = "Underscore+Logger.mm"; sourceTree = "<group>"; };
		9D8B8B471413CC010066ECBB /* Underscore.hh */ = {isa = PBXFileReference; fileEncoding = 4; lastKnownFileType = sourcecode.cpp.h; path = Underscore.hh; sourceTree = "<group>"; };
		9D8B8B481413CC010066ECBB /* Underscore.mm */ = {isa = PBXFileReference; fileEncoding = 4; lastKnownFileType = sourcecode.cpp.objcpp; path = Underscore.mm; sourceTree = "<group>"; };
		9D8EAD53141E839400B21BEA /* M3Http.h */ = {isa = PBXFileReference; fileEncoding = 4; lastKnownFileType = sourcecode.c.h; path = M3Http.h; sourceTree = "<group>"; };
		9D8EAD54141E839400B21BEA /* M3Http.m */ = {isa = PBXFileReference; fileEncoding = 4; lastKnownFileType = sourcecode.c.objc; path = M3Http.m; sourceTree = "<group>"; };
		9D9656AB14177A6C00884372 /* M3Etest.h */ = {isa = PBXFileReference; fileEncoding = 4; lastKnownFileType = sourcecode.c.h; path = M3Etest.h; sourceTree = "<group>"; };
		9D9656AC14177A6C00884372 /* M3Etest.mm */ = {isa = PBXFileReference; fileEncoding = 4; lastKnownFileType = sourcecode.cpp.objcpp; path = M3Etest.mm; sourceTree = "<group>"; };
		9D9656B114177F9700884372 /* M3StopWatch.h */ = {isa = PBXFileReference; fileEncoding = 4; lastKnownFileType = sourcecode.c.h; path = M3StopWatch.h; sourceTree = "<group>"; };
		9D9656B214177F9700884372 /* M3StopWatch.m */ = {isa = PBXFileReference; fileEncoding = 4; lastKnownFileType = sourcecode.c.objc; path = M3StopWatch.m; sourceTree = "<group>"; };
		9D99B2CE1416A3380040768E /* M3+Events.h */ = {isa = PBXFileReference; fileEncoding = 4; lastKnownFileType = sourcecode.c.h; path = "M3+Events.h"; sourceTree = "<group>"; };
		9D99B2D11416A4E50040768E /* M3+Events.m */ = {isa = PBXFileReference; fileEncoding = 4; lastKnownFileType = sourcecode.c.objc; path = "M3+Events.m"; sourceTree = "<group>"; };
/* End PBXFileReference section */

/* Begin PBXFrameworksBuildPhase section */
		9D017427141AA6F10035A4C2 /* Frameworks */ = {
			isa = PBXFrameworksBuildPhase;
			buildActionMask = 2147483647;
			files = (
				9D01742C141AA6F10035A4C2 /* Foundation.framework in Frameworks */,
			);
			runOnlyForDeploymentPostprocessing = 0;
		};
		9D017434141AA6F10035A4C2 /* Frameworks */ = {
			isa = PBXFrameworksBuildPhase;
			buildActionMask = 2147483647;
			files = (
				9D01746F141AA9D00035A4C2 /* CFNetwork.framework in Frameworks */,
				9D01746D141AA9C00035A4C2 /* SystemConfiguration.framework in Frameworks */,
				9D01746B141AA8F90035A4C2 /* libstdc++.dylib in Frameworks */,
				9D017439141AA6F10035A4C2 /* SenTestingKit.framework in Frameworks */,
				9D01743B141AA6F10035A4C2 /* UIKit.framework in Frameworks */,
				9D01743C141AA6F10035A4C2 /* Foundation.framework in Frameworks */,
				9D01743F141AA6F10035A4C2 /* libiM3.a in Frameworks */,
			);
			runOnlyForDeploymentPostprocessing = 0;
		};
		9D48ACB4141E9E3E00D0D000 /* Frameworks */ = {
			isa = PBXFrameworksBuildPhase;
			buildActionMask = 2147483647;
			files = (
				9D48ACFE141EAB5A00D0D000 /* libiM3.a in Frameworks */,
				9D48ACB9141E9E3E00D0D000 /* UIKit.framework in Frameworks */,
				9D48ACBA141E9E3E00D0D000 /* Foundation.framework in Frameworks */,
				9D48ACBC141E9E3E00D0D000 /* CoreGraphics.framework in Frameworks */,
			);
			runOnlyForDeploymentPostprocessing = 0;
		};
		9D48ACE4141E9E3F00D0D000 /* Frameworks */ = {
			isa = PBXFrameworksBuildPhase;
			buildActionMask = 2147483647;
			files = (
				9D48ACE9141E9E3F00D0D000 /* SenTestingKit.framework in Frameworks */,
				9D48ACEA141E9E3F00D0D000 /* UIKit.framework in Frameworks */,
				9D48ACEB141E9E3F00D0D000 /* Foundation.framework in Frameworks */,
			);
			runOnlyForDeploymentPostprocessing = 0;
		};
		9D8B8AE81413CA8B0066ECBB /* Frameworks */ = {
			isa = PBXFrameworksBuildPhase;
			buildActionMask = 2147483647;
			files = (
				9D0EF7521413E0400051B8FA /* SystemConfiguration.framework in Frameworks */,
				9D8B8AEF1413CA8B0066ECBB /* Cocoa.framework in Frameworks */,
			);
			runOnlyForDeploymentPostprocessing = 0;
		};
		9D8B8AFB1413CA8B0066ECBB /* Frameworks */ = {
			isa = PBXFrameworksBuildPhase;
			buildActionMask = 2147483647;
			files = (
				9D0EF7531413E04F0051B8FA /* SystemConfiguration.framework in Frameworks */,
				9D8B8B011413CA8B0066ECBB /* SenTestingKit.framework in Frameworks */,
				9D8B8B021413CA8B0066ECBB /* Cocoa.framework in Frameworks */,
				9D8B8B051413CA8B0066ECBB /* libM3.a in Frameworks */,
			);
			runOnlyForDeploymentPostprocessing = 0;
		};
/* End PBXFrameworksBuildPhase section */

/* Begin PBXGroup section */
		9D01742D141AA6F10035A4C2 /* iM3 */ = {
			isa = PBXGroup;
			children = (
				9D017430141AA6F10035A4C2 /* iM3.h */,
				9D017431141AA6F10035A4C2 /* iM3.m */,
				9D01742E141AA6F10035A4C2 /* Supporting Files */,
			);
			path = iM3;
			sourceTree = "<group>";
		};
		9D01742E141AA6F10035A4C2 /* Supporting Files */ = {
			isa = PBXGroup;
			children = (
				9D01742F141AA6F10035A4C2 /* iM3-Prefix.pch */,
			);
			name = "Supporting Files";
			sourceTree = "<group>";
		};
		9D017440141AA6F10035A4C2 /* iM3Tests */ = {
			isa = PBXGroup;
			children = (
				9D017446141AA6F10035A4C2 /* iM3Tests.h */,
				9D017447141AA6F10035A4C2 /* iM3Tests.m */,
				9D017441141AA6F10035A4C2 /* Supporting Files */,
			);
			path = iM3Tests;
			sourceTree = "<group>";
		};
		9D017441141AA6F10035A4C2 /* Supporting Files */ = {
			isa = PBXGroup;
			children = (
				9D017442141AA6F10035A4C2 /* iM3Tests-Info.plist */,
				9D017443141AA6F10035A4C2 /* InfoPlist.strings */,
			);
			name = "Supporting Files";
			sourceTree = "<group>";
		};
		9D0EF71A1413D45C0051B8FA /* JSONKit */ = {
			isa = PBXGroup;
			children = (
				9D0EF71B1413D45C0051B8FA /* CHANGELOG.md */,
				9D0EF71C1413D45C0051B8FA /* JSONKit.h */,
				9D0EF71D1413D45C0051B8FA /* JSONKit.m */,
				9D0EF71E1413D45C0051B8FA /* README.md */,
			);
			name = JSONKit;
			path = vendor/JSONKit;
			sourceTree = "<group>";
		};
		9D0EF7241413DBF90051B8FA /* Chair */ = {
			isa = PBXGroup;
			children = (
				9D0EF7251413DBF90051B8FA /* Chair.h */,
				9D0EF7261413DBF90051B8FA /* Chair.mm */,
				9D0EF7271413DBF90051B8FA /* ChairDatabase.h */,
				9D0EF7281413DBF90051B8FA /* ChairDatabase.mm */,
				9D0EF7291413DBF90051B8FA /* ChairDictionary.h */,
				9D0EF72A1413DBF90051B8FA /* ChairDictionary.mm */,
				9D0EF72B1413DBF90051B8FA /* ChairDynamicView.h */,
				9D0EF72C1413DBF90051B8FA /* ChairDynamicView.mm */,
				9D0EF72D1413DBF90051B8FA /* ChairTable.h */,
				9D0EF72E1413DBF90051B8FA /* ChairTable.mm */,
				9D0EF7311413DBF90051B8FA /* ChairView.h */,
				9D0EF7321413DBF90051B8FA /* ChairView.mm */,
			);
			path = Chair;
			sourceTree = "<group>";
		};
		9D0EF7481413DFD40051B8FA /* vendor */ = {
			isa = PBXGroup;
			children = (
				9D0EF7491413DFE10051B8FA /* NSLogger */,
				9D0EF71A1413D45C0051B8FA /* JSONKit */,
			);
			name = vendor;
			sourceTree = "<group>";
		};
		9D0EF7491413DFE10051B8FA /* NSLogger */ = {
			isa = PBXGroup;
			children = (
				9D0EF74A1413DFF50051B8FA /* LoggerClient.h */,
				9D0EF74B1413DFF50051B8FA /* LoggerClient.m */,
				9D0EF74C1413DFF50051B8FA /* LoggerCommon.h */,
			);
			name = NSLogger;
			sourceTree = "<group>";
		};
		9D48ACBD141E9E3E00D0D000 /* iM3Example */ = {
			isa = PBXGroup;
			children = (
				9D48ACC6141E9E3E00D0D000 /* AppDelegate.h */,
				9D48ACC7141E9E3E00D0D000 /* AppDelegate.mm */,
				9D58CAE4141FE4FB0047A5FA /* AppDelegate+Nib.mm */,
				9D48ACC9141E9E3E00D0D000 /* FirstViewController.h */,
				9D48ACCA141E9E3E00D0D000 /* FirstViewController.m */,
				9D48ACD0141E9E3E00D0D000 /* SecondViewController.h */,
				9D48ACD1141E9E3E00D0D000 /* SecondViewController.m */,
				9D48ACCC141E9E3E00D0D000 /* first.png */,
				9D48ACCE141E9E3E00D0D000 /* first@2x.png */,
				9D48ACD3141E9E3E00D0D000 /* second.png */,
				9D48ACD5141E9E3E00D0D000 /* second@2x.png */,
				9D48ACD7141E9E3E00D0D000 /* FirstViewController_iPhone.xib */,
				9D48ACDA141E9E3E00D0D000 /* FirstViewController_iPad.xib */,
				9D48ACDD141E9E3E00D0D000 /* SecondViewController_iPhone.xib */,
				9D48ACE0141E9E3E00D0D000 /* SecondViewController_iPad.xib */,
				9D48ACBE141E9E3E00D0D000 /* Supporting Files */,
			);
			path = iM3Example;
			sourceTree = "<group>";
		};
		9D48ACBE141E9E3E00D0D000 /* Supporting Files */ = {
			isa = PBXGroup;
			children = (
				9D48ACBF141E9E3E00D0D000 /* iM3Example-Info.plist */,
				9D48ACC0141E9E3E00D0D000 /* InfoPlist.strings */,
				9D48ACC3141E9E3E00D0D000 /* main.m */,
				9D48ACC5141E9E3E00D0D000 /* iM3Example-Prefix.pch */,
			);
			name = "Supporting Files";
			sourceTree = "<group>";
		};
		9D48ACEE141E9E3F00D0D000 /* iM3ExampleTests */ = {
			isa = PBXGroup;
			children = (
				9D48ACF4141E9E3F00D0D000 /* iM3ExampleTests.h */,
				9D48ACF5141E9E3F00D0D000 /* iM3ExampleTests.m */,
				9D48ACEF141E9E3F00D0D000 /* Supporting Files */,
			);
			path = iM3ExampleTests;
			sourceTree = "<group>";
		};
		9D48ACEF141E9E3F00D0D000 /* Supporting Files */ = {
			isa = PBXGroup;
			children = (
				9D48ACF0141E9E3F00D0D000 /* iM3ExampleTests-Info.plist */,
				9D48ACF1141E9E3F00D0D000 /* InfoPlist.strings */,
			);
			name = "Supporting Files";
			sourceTree = "<group>";
		};
		9D8B8AE01413CA8B0066ECBB = {
			isa = PBXGroup;
			children = (
				9D01746A141AA8F90035A4C2 /* libstdc++.dylib */,
				9D0EF7481413DFD40051B8FA /* vendor */,
				9D0EF7241413DBF90051B8FA /* Chair */,
				9D8B8AF41413CA8B0066ECBB /* M3 */,
				9D8B8B061413CA8B0066ECBB /* M3Tests */,
				9D01742D141AA6F10035A4C2 /* iM3 */,
				9D017440141AA6F10035A4C2 /* iM3Tests */,
				9D48ACBD141E9E3E00D0D000 /* iM3Example */,
				9D48ACEE141E9E3F00D0D000 /* iM3ExampleTests */,
				9D8B8AED1413CA8B0066ECBB /* Frameworks */,
				9D8B8AEC1413CA8B0066ECBB /* Products */,
			);
			sourceTree = "<group>";
		};
		9D8B8AEC1413CA8B0066ECBB /* Products */ = {
			isa = PBXGroup;
			children = (
				9D8B8AEB1413CA8B0066ECBB /* libM3.a */,
				9D8B8AFF1413CA8B0066ECBB /* M3Tests.octest */,
				9D01742A141AA6F10035A4C2 /* libiM3.a */,
				9D017438141AA6F10035A4C2 /* iM3Tests.octest */,
				9D48ACB7141E9E3E00D0D000 /* iM3Example.app */,
				9D48ACE8141E9E3F00D0D000 /* iM3ExampleTests.octest */,
			);
			name = Products;
			sourceTree = "<group>";
		};
		9D8B8AED1413CA8B0066ECBB /* Frameworks */ = {
			isa = PBXGroup;
			children = (
				9D01746E141AA9D00035A4C2 /* CFNetwork.framework */,
				9D01746C141AA9C00035A4C2 /* SystemConfiguration.framework */,
				9D0EF7511413E0400051B8FA /* SystemConfiguration.framework */,
				9D8B8AEE1413CA8B0066ECBB /* Cocoa.framework */,
				9D8B8B001413CA8B0066ECBB /* SenTestingKit.framework */,
				9D01742B141AA6F10035A4C2 /* Foundation.framework */,
				9D01743A141AA6F10035A4C2 /* UIKit.framework */,
				9D48ACBB141E9E3E00D0D000 /* CoreGraphics.framework */,
				9D8B8AF01413CA8B0066ECBB /* Other Frameworks */,
			);
			name = Frameworks;
			sourceTree = "<group>";
		};
		9D8B8AF01413CA8B0066ECBB /* Other Frameworks */ = {
			isa = PBXGroup;
			children = (
				9D8B8AF11413CA8B0066ECBB /* AppKit.framework */,
				9D8B8AF21413CA8B0066ECBB /* CoreData.framework */,
				9D8B8AF31413CA8B0066ECBB /* Foundation.framework */,
			);
			name = "Other Frameworks";
			sourceTree = "<group>";
		};
		9D8B8AF41413CA8B0066ECBB /* M3 */ = {
			isa = PBXGroup;
			children = (
				9D8B8AF71413CA8B0066ECBB /* M3.h */,
				9D8B8AF81413CA8B0066ECBB /* M3.m */,
				9D0EF70D1413D1A60051B8FA /* M3+Additions.h */,
				9D8B8B171413CAD90066ECBB /* M3+Comparison.h */,
				9D8B8B191413CAD90066ECBB /* M3+Crypto.h */,
				9D8B8B1B1413CAD90066ECBB /* M3+Enumeration.h */,
				9D8B8B1D1413CAD90066ECBB /* M3+FileIO.h */,
				9D8B8B1F1413CAD90066ECBB /* M3+Filenames.h */,
				9D8B8B211413CAD90066ECBB /* M3+JSON.h */,
				9D99B2CE1416A3380040768E /* M3+Events.h */,
				9D99B2D11416A4E50040768E /* M3+Events.m */,
				9D8B8B181413CAD90066ECBB /* M3+Comparison.mm */,
				9D8B8B1A1413CAD90066ECBB /* M3+Crypto.mm */,
				9D8B8B1C1413CAD90066ECBB /* M3+Enumeration.mm */,
				9D8B8B1E1413CAD90066ECBB /* M3+FileIO.mm */,
				9D8B8B201413CAD90066ECBB /* M3+Filenames.m */,
				9D8B8B221413CAD90066ECBB /* M3+JSON.mm */,
				9D9656AB14177A6C00884372 /* M3Etest.h */,
				9D9656AC14177A6C00884372 /* M3Etest.mm */,
				9D7E3DC6141A2F6800BB80E1 /* M3EventCenter.h */,
				9D7E3DCB141A347C00BB80E1 /* M3EventCenter.mm */,
				9D7E3DD1141A3DD400BB80E1 /* M3EventCenter+DefaultCenter.mm */,
				9D7E3DD2141A3DD400BB80E1 /* M3EventCenter+Disconnect.m */,
				9D8B8B241413CAD90066ECBB /* M3Exception.h */,
				9D8B8B251413CAD90066ECBB /* M3Exception.m */,
				9D8EAD53141E839400B21BEA /* M3Http.h */,
				9D8EAD54141E839400B21BEA /* M3Http.m */,
				9D8B8B281413CAD90066ECBB /* M3MemoryManagement.h */,
				9D9656B114177F9700884372 /* M3StopWatch.h */,
				9D9656B214177F9700884372 /* M3StopWatch.m */,
				9D0EF70E1413D1A60051B8FA /* NSArray+Globbing.h */,
				9D0EF70F1413D1A60051B8FA /* NSArray+Globbing.m */,
				9D0EF7101413D1A60051B8FA /* NSString+Regexp.h */,
				9D0EF7111413D1A60051B8FA /* NSString+Regexp.m */,
				9D8B8B471413CC010066ECBB /* Underscore.hh */,
				9D8B8B481413CC010066ECBB /* Underscore.mm */,
				9D8B8B291413CAD90066ECBB /* Underscore+Logger.mm */,
				9D8B8AF51413CA8B0066ECBB /* Supporting Files */,
			);
			path = M3;
			sourceTree = "<group>";
		};
		9D8B8AF51413CA8B0066ECBB /* Supporting Files */ = {
			isa = PBXGroup;
			children = (
				9D8B8AF61413CA8B0066ECBB /* M3-Prefix.pch */,
			);
			name = "Supporting Files";
			sourceTree = "<group>";
		};
		9D8B8B061413CA8B0066ECBB /* M3Tests */ = {
			isa = PBXGroup;
			children = (
				9D8B8B0C1413CA8B0066ECBB /* M3Tests.h */,
				9D8B8B0D1413CA8B0066ECBB /* M3Tests.mm */,
				9D8B8B071413CA8B0066ECBB /* Supporting Files */,
			);
			path = M3Tests;
			sourceTree = "<group>";
		};
		9D8B8B071413CA8B0066ECBB /* Supporting Files */ = {
			isa = PBXGroup;
			children = (
				9D8B8B081413CA8B0066ECBB /* M3Tests-Info.plist */,
				9D8B8B091413CA8B0066ECBB /* InfoPlist.strings */,
			);
			name = "Supporting Files";
			sourceTree = "<group>";
		};
/* End PBXGroup section */

/* Begin PBXHeadersBuildPhase section */
		9D017428141AA6F10035A4C2 /* Headers */ = {
			isa = PBXHeadersBuildPhase;
			buildActionMask = 2147483647;
			files = (
				9D8EAD56141E839400B21BEA /* M3Http.h in Headers */,
			);
			runOnlyForDeploymentPostprocessing = 0;
		};
		9D8B8AE91413CA8B0066ECBB /* Headers */ = {
			isa = PBXHeadersBuildPhase;
			buildActionMask = 2147483647;
			files = (
				9D8B8B2A1413CAD90066ECBB /* M3+Comparison.h in Headers */,
				9D8B8B2D1413CAD90066ECBB /* M3+Crypto.h in Headers */,
				9D8B8B301413CAD90066ECBB /* M3+Enumeration.h in Headers */,
				9D8B8B331413CAD90066ECBB /* M3+FileIO.h in Headers */,
				9D8B8B361413CAD90066ECBB /* M3+Filenames.h in Headers */,
				9D8B8B391413CAD90066ECBB /* M3+JSON.h in Headers */,
				9D8B8B3E1413CAD90066ECBB /* M3Exception.h in Headers */,
				9D8B8B441413CAD90066ECBB /* M3MemoryManagement.h in Headers */,
				9D8B8B491413CC010066ECBB /* Underscore.hh in Headers */,
				9D0EF7121413D1A60051B8FA /* M3+Additions.h in Headers */,
				9D0EF7131413D1A60051B8FA /* NSArray+Globbing.h in Headers */,
				9D0EF7161413D1A60051B8FA /* NSString+Regexp.h in Headers */,
				9D0EF7201413D45C0051B8FA /* JSONKit.h in Headers */,
				9D0EF7331413DBF90051B8FA /* Chair.h in Headers */,
				9D0EF7361413DBF90051B8FA /* ChairDatabase.h in Headers */,
				9D0EF7391413DBF90051B8FA /* ChairDictionary.h in Headers */,
				9D0EF73C1413DBF90051B8FA /* ChairDynamicView.h in Headers */,
				9D0EF73F1413DBF90051B8FA /* ChairTable.h in Headers */,
				9D0EF7451413DBF90051B8FA /* ChairView.h in Headers */,
				9D0EF74D1413DFF50051B8FA /* LoggerClient.h in Headers */,
				9D0EF7501413DFF50051B8FA /* LoggerCommon.h in Headers */,
				9D99B2CF1416A3380040768E /* M3+Events.h in Headers */,
				9D9656AD14177A6C00884372 /* M3Etest.h in Headers */,
				9D9656B314177F9700884372 /* M3StopWatch.h in Headers */,
				9D7E3DC8141A2F6800BB80E1 /* M3EventCenter.h in Headers */,
				9D8EAD55141E839400B21BEA /* M3Http.h in Headers */,
			);
			runOnlyForDeploymentPostprocessing = 0;
		};
/* End PBXHeadersBuildPhase section */

/* Begin PBXNativeTarget section */
		9D017429141AA6F10035A4C2 /* iM3 */ = {
			isa = PBXNativeTarget;
			buildConfigurationList = 9D01744D141AA6F10035A4C2 /* Build configuration list for PBXNativeTarget "iM3" */;
			buildPhases = (
				9D017426141AA6F10035A4C2 /* Sources */,
				9D017427141AA6F10035A4C2 /* Frameworks */,
				9D017428141AA6F10035A4C2 /* Headers */,
			);
			buildRules = (
			);
			dependencies = (
			);
			name = iM3;
			productName = iM3;
			productReference = 9D01742A141AA6F10035A4C2 /* libiM3.a */;
			productType = "com.apple.product-type.library.static";
		};
		9D017437141AA6F10035A4C2 /* iM3Tests */ = {
			isa = PBXNativeTarget;
			buildConfigurationList = 9D01744E141AA6F10035A4C2 /* Build configuration list for PBXNativeTarget "iM3Tests" */;
			buildPhases = (
				9D017433141AA6F10035A4C2 /* Sources */,
				9D017434141AA6F10035A4C2 /* Frameworks */,
				9D017435141AA6F10035A4C2 /* Resources */,
				9D017436141AA6F10035A4C2 /* ShellScript */,
			);
			buildRules = (
			);
			dependencies = (
				9D01743E141AA6F10035A4C2 /* PBXTargetDependency */,
			);
			name = iM3Tests;
			productName = iM3Tests;
			productReference = 9D017438141AA6F10035A4C2 /* iM3Tests.octest */;
			productType = "com.apple.product-type.bundle";
		};
		9D48ACB6141E9E3E00D0D000 /* iM3Example */ = {
			isa = PBXNativeTarget;
			buildConfigurationList = 9D48ACFB141E9E3F00D0D000 /* Build configuration list for PBXNativeTarget "iM3Example" */;
			buildPhases = (
				9D48ACB3141E9E3E00D0D000 /* Sources */,
				9D48ACB4141E9E3E00D0D000 /* Frameworks */,
				9D48ACB5141E9E3E00D0D000 /* Resources */,
			);
			buildRules = (
			);
			dependencies = (
			);
			name = iM3Example;
			productName = iM3Example;
			productReference = 9D48ACB7141E9E3E00D0D000 /* iM3Example.app */;
			productType = "com.apple.product-type.application";
		};
		9D48ACE7141E9E3F00D0D000 /* iM3ExampleTests */ = {
			isa = PBXNativeTarget;
			buildConfigurationList = 9D48ACFC141E9E3F00D0D000 /* Build configuration list for PBXNativeTarget "iM3ExampleTests" */;
			buildPhases = (
				9D48ACE3141E9E3F00D0D000 /* Sources */,
				9D48ACE4141E9E3F00D0D000 /* Frameworks */,
				9D48ACE5141E9E3F00D0D000 /* Resources */,
				9D48ACE6141E9E3F00D0D000 /* ShellScript */,
			);
			buildRules = (
			);
			dependencies = (
				9D48ACED141E9E3F00D0D000 /* PBXTargetDependency */,
			);
			name = iM3ExampleTests;
			productName = iM3ExampleTests;
			productReference = 9D48ACE8141E9E3F00D0D000 /* iM3ExampleTests.octest */;
			productType = "com.apple.product-type.bundle";
		};
		9D8B8AEA1413CA8B0066ECBB /* M3 */ = {
			isa = PBXNativeTarget;
			buildConfigurationList = 9D8B8B111413CA8B0066ECBB /* Build configuration list for PBXNativeTarget "M3" */;
			buildPhases = (
				9D8B8AE71413CA8B0066ECBB /* Sources */,
				9D8B8AE81413CA8B0066ECBB /* Frameworks */,
				9D8B8AE91413CA8B0066ECBB /* Headers */,
			);
			buildRules = (
			);
			dependencies = (
			);
			name = M3;
			productName = M3;
			productReference = 9D8B8AEB1413CA8B0066ECBB /* libM3.a */;
			productType = "com.apple.product-type.library.static";
		};
		9D8B8AFE1413CA8B0066ECBB /* M3Tests */ = {
			isa = PBXNativeTarget;
			buildConfigurationList = 9D8B8B141413CA8B0066ECBB /* Build configuration list for PBXNativeTarget "M3Tests" */;
			buildPhases = (
				9D8B8AFA1413CA8B0066ECBB /* Sources */,
				9D8B8AFB1413CA8B0066ECBB /* Frameworks */,
				9D8B8AFC1413CA8B0066ECBB /* Resources */,
				9D8B8AFD1413CA8B0066ECBB /* ShellScript */,
			);
			buildRules = (
			);
			dependencies = (
				9D8B8B041413CA8B0066ECBB /* PBXTargetDependency */,
			);
			name = M3Tests;
			productName = M3Tests;
			productReference = 9D8B8AFF1413CA8B0066ECBB /* M3Tests.octest */;
			productType = "com.apple.product-type.bundle";
		};
/* End PBXNativeTarget section */

/* Begin PBXProject section */
		9D8B8AE21413CA8B0066ECBB /* Project object */ = {
			isa = PBXProject;
			attributes = {
				LastUpgradeCheck = 0420;
				ORGANIZATIONNAME = n/a;
			};
			buildConfigurationList = 9D8B8AE51413CA8B0066ECBB /* Build configuration list for PBXProject "M3" */;
			compatibilityVersion = "Xcode 3.2";
			developmentRegion = English;
			hasScannedForEncodings = 0;
			knownRegions = (
				en,
			);
			mainGroup = 9D8B8AE01413CA8B0066ECBB;
			productRefGroup = 9D8B8AEC1413CA8B0066ECBB /* Products */;
			projectDirPath = "";
			projectRoot = "";
			targets = (
				9D8B8AEA1413CA8B0066ECBB /* M3 */,
				9D8B8AFE1413CA8B0066ECBB /* M3Tests */,
				9D017429141AA6F10035A4C2 /* iM3 */,
				9D017437141AA6F10035A4C2 /* iM3Tests */,
				9D48ACB6141E9E3E00D0D000 /* iM3Example */,
				9D48ACE7141E9E3F00D0D000 /* iM3ExampleTests */,
			);
		};
/* End PBXProject section */

/* Begin PBXResourcesBuildPhase section */
		9D017435141AA6F10035A4C2 /* Resources */ = {
			isa = PBXResourcesBuildPhase;
			buildActionMask = 2147483647;
			files = (
				9D017445141AA6F10035A4C2 /* InfoPlist.strings in Resources */,
			);
			runOnlyForDeploymentPostprocessing = 0;
		};
		9D48ACB5141E9E3E00D0D000 /* Resources */ = {
			isa = PBXResourcesBuildPhase;
			buildActionMask = 2147483647;
			files = (
				9D48ACC2141E9E3E00D0D000 /* InfoPlist.strings in Resources */,
				9D48ACCD141E9E3E00D0D000 /* first.png in Resources */,
				9D48ACCF141E9E3E00D0D000 /* first@2x.png in Resources */,
				9D48ACD4141E9E3E00D0D000 /* second.png in Resources */,
				9D48ACD6141E9E3E00D0D000 /* second@2x.png in Resources */,
				9D48ACD9141E9E3E00D0D000 /* FirstViewController_iPhone.xib in Resources */,
				9D48ACDC141E9E3E00D0D000 /* FirstViewController_iPad.xib in Resources */,
				9D48ACDF141E9E3E00D0D000 /* SecondViewController_iPhone.xib in Resources */,
				9D48ACE2141E9E3E00D0D000 /* SecondViewController_iPad.xib in Resources */,
			);
			runOnlyForDeploymentPostprocessing = 0;
		};
		9D48ACE5141E9E3F00D0D000 /* Resources */ = {
			isa = PBXResourcesBuildPhase;
			buildActionMask = 2147483647;
			files = (
				9D48ACF3141E9E3F00D0D000 /* InfoPlist.strings in Resources */,
			);
			runOnlyForDeploymentPostprocessing = 0;
		};
		9D8B8AFC1413CA8B0066ECBB /* Resources */ = {
			isa = PBXResourcesBuildPhase;
			buildActionMask = 2147483647;
			files = (
				9D8B8B0B1413CA8B0066ECBB /* InfoPlist.strings in Resources */,
				9D0EF71F1413D45C0051B8FA /* CHANGELOG.md in Resources */,
				9D0EF7231413D45C0051B8FA /* README.md in Resources */,
			);
			runOnlyForDeploymentPostprocessing = 0;
		};
/* End PBXResourcesBuildPhase section */

/* Begin PBXShellScriptBuildPhase section */
		9D017436141AA6F10035A4C2 /* ShellScript */ = {
			isa = PBXShellScriptBuildPhase;
			buildActionMask = 2147483647;
			files = (
			);
			inputPaths = (
			);
			outputPaths = (
			);
			runOnlyForDeploymentPostprocessing = 0;
			shellPath = /bin/sh;
			shellScript = "# Run the unit tests in this test bundle.\n\"${SYSTEM_DEVELOPER_DIR}/Tools/RunUnitTests\"\n";
		};
		9D48ACE6141E9E3F00D0D000 /* ShellScript */ = {
			isa = PBXShellScriptBuildPhase;
			buildActionMask = 2147483647;
			files = (
			);
			inputPaths = (
			);
			outputPaths = (
			);
			runOnlyForDeploymentPostprocessing = 0;
			shellPath = /bin/sh;
			shellScript = "# Run the unit tests in this test bundle.\n\"${SYSTEM_DEVELOPER_DIR}/Tools/RunUnitTests\"\n";
		};
		9D8B8AFD1413CA8B0066ECBB /* ShellScript */ = {
			isa = PBXShellScriptBuildPhase;
			buildActionMask = 2147483647;
			files = (
			);
			inputPaths = (
			);
			outputPaths = (
			);
			runOnlyForDeploymentPostprocessing = 0;
			shellPath = /bin/sh;
			shellScript = "# Run the unit tests in this test bundle.\n\"${SYSTEM_DEVELOPER_DIR}/Tools/RunUnitTests\"\n";
		};
/* End PBXShellScriptBuildPhase section */

/* Begin PBXSourcesBuildPhase section */
		9D017426141AA6F10035A4C2 /* Sources */ = {
			isa = PBXSourcesBuildPhase;
			buildActionMask = 2147483647;
			files = (
				9D017458141AA7DF0035A4C2 /* M3EventCenter.mm in Sources */,
				9D017459141AA7DF0035A4C2 /* M3EventCenter+DefaultCenter.mm in Sources */,
				9D01745A141AA7DF0035A4C2 /* M3EventCenter+Disconnect.m in Sources */,
				9D01745B141AA7DF0035A4C2 /* M3StopWatch.m in Sources */,
				9D01745C141AA7DF0035A4C2 /* M3Etest.mm in Sources */,
				9D01745D141AA7DF0035A4C2 /* M3+Events.m in Sources */,
				9D01745E141AA7DF0035A4C2 /* M3.m in Sources */,
				9D01745F141AA7DF0035A4C2 /* M3+Comparison.mm in Sources */,
				9D017460141AA7DF0035A4C2 /* M3+Crypto.mm in Sources */,
				9D017461141AA7DF0035A4C2 /* M3+Enumeration.mm in Sources */,
				9D017462141AA7DF0035A4C2 /* M3+FileIO.mm in Sources */,
				9D017463141AA7DF0035A4C2 /* M3+Filenames.m in Sources */,
				9D017464141AA7DF0035A4C2 /* M3+JSON.mm in Sources */,
				9D017465141AA7DF0035A4C2 /* M3Exception.m in Sources */,
				9D017466141AA7DF0035A4C2 /* NSArray+Globbing.m in Sources */,
				9D017467141AA7DF0035A4C2 /* NSString+Regexp.m in Sources */,
				9D017468141AA7DF0035A4C2 /* Underscore.mm in Sources */,
				9D017469141AA7DF0035A4C2 /* Underscore+Logger.mm in Sources */,
				9D017452141AA7BE0035A4C2 /* Chair.mm in Sources */,
				9D017453141AA7BE0035A4C2 /* ChairDatabase.mm in Sources */,
				9D017454141AA7BE0035A4C2 /* ChairDictionary.mm in Sources */,
				9D017455141AA7BE0035A4C2 /* ChairDynamicView.mm in Sources */,
				9D017456141AA7BE0035A4C2 /* ChairTable.mm in Sources */,
				9D017457141AA7BE0035A4C2 /* ChairView.mm in Sources */,
				9D017451141AA7B50035A4C2 /* JSONKit.m in Sources */,
				9D017450141AA7AF0035A4C2 /* LoggerClient.m in Sources */,
				9D8EAD58141E839400B21BEA /* M3Http.m in Sources */,
			);
			runOnlyForDeploymentPostprocessing = 0;
		};
		9D017433141AA6F10035A4C2 /* Sources */ = {
			isa = PBXSourcesBuildPhase;
			buildActionMask = 2147483647;
			files = (
				9D017448141AA6F10035A4C2 /* iM3Tests.m in Sources */,
			);
			runOnlyForDeploymentPostprocessing = 0;
		};
		9D48ACB3141E9E3E00D0D000 /* Sources */ = {
			isa = PBXSourcesBuildPhase;
			buildActionMask = 2147483647;
			files = (
				9D48ACC4141E9E3E00D0D000 /* main.m in Sources */,
				9D48ACC8141E9E3E00D0D000 /* AppDelegate.mm in Sources */,
				9D48ACCB141E9E3E00D0D000 /* FirstViewController.m in Sources */,
				9D48ACD2141E9E3E00D0D000 /* SecondViewController.m in Sources */,
				9D58CAE5141FE4FB0047A5FA /* AppDelegate+Nib.mm in Sources */,
			);
			runOnlyForDeploymentPostprocessing = 0;
		};
		9D48ACE3141E9E3F00D0D000 /* Sources */ = {
			isa = PBXSourcesBuildPhase;
			buildActionMask = 2147483647;
			files = (
				9D48ACF6141E9E3F00D0D000 /* iM3ExampleTests.m in Sources */,
			);
			runOnlyForDeploymentPostprocessing = 0;
		};
		9D8B8AE71413CA8B0066ECBB /* Sources */ = {
			isa = PBXSourcesBuildPhase;
			buildActionMask = 2147483647;
			files = (
				9D8B8AF91413CA8B0066ECBB /* M3.m in Sources */,
				9D8B8B2B1413CAD90066ECBB /* M3+Comparison.mm in Sources */,
				9D8B8B2E1413CAD90066ECBB /* M3+Crypto.mm in Sources */,
				9D8B8B311413CAD90066ECBB /* M3+Enumeration.mm in Sources */,
				9D8B8B341413CAD90066ECBB /* M3+FileIO.mm in Sources */,
				9D8B8B371413CAD90066ECBB /* M3+Filenames.m in Sources */,
				9D8B8B3A1413CAD90066ECBB /* M3+JSON.mm in Sources */,
				9D8B8B3F1413CAD90066ECBB /* M3Exception.m in Sources */,
				9D8B8B451413CAD90066ECBB /* Underscore+Logger.mm in Sources */,
				9D8B8B4A1413CC010066ECBB /* Underscore.mm in Sources */,
				9D0EF7141413D1A60051B8FA /* NSArray+Globbing.m in Sources */,
				9D0EF7171413D1A60051B8FA /* NSString+Regexp.m in Sources */,
				9D0EF7211413D45C0051B8FA /* JSONKit.m in Sources */,
				9D0EF7341413DBF90051B8FA /* Chair.mm in Sources */,
				9D0EF7371413DBF90051B8FA /* ChairDatabase.mm in Sources */,
				9D0EF73A1413DBF90051B8FA /* ChairDictionary.mm in Sources */,
				9D0EF73D1413DBF90051B8FA /* ChairDynamicView.mm in Sources */,
				9D0EF7401413DBF90051B8FA /* ChairTable.mm in Sources */,
				9D0EF7461413DBF90051B8FA /* ChairView.mm in Sources */,
				9D0EF74E1413DFF50051B8FA /* LoggerClient.m in Sources */,
				9D99B2D21416A4E50040768E /* M3+Events.m in Sources */,
				9D9656AE14177A6C00884372 /* M3Etest.mm in Sources */,
				9D9656B414177F9700884372 /* M3StopWatch.m in Sources */,
				9D7E3DCD141A347C00BB80E1 /* M3EventCenter.mm in Sources */,
				9D7E3DD5141A3DD400BB80E1 /* M3EventCenter+DefaultCenter.mm in Sources */,
				9D7E3DD6141A3DD400BB80E1 /* M3EventCenter+Disconnect.m in Sources */,
				9D8EAD57141E839400B21BEA /* M3Http.m in Sources */,
			);
			runOnlyForDeploymentPostprocessing = 0;
		};
		9D8B8AFA1413CA8B0066ECBB /* Sources */ = {
			isa = PBXSourcesBuildPhase;
			buildActionMask = 2147483647;
			files = (
				9D9656BC1417C1B600884372 /* M3Tests.mm in Sources */,
			);
			runOnlyForDeploymentPostprocessing = 0;
		};
/* End PBXSourcesBuildPhase section */

/* Begin PBXTargetDependency section */
		9D01743E141AA6F10035A4C2 /* PBXTargetDependency */ = {
			isa = PBXTargetDependency;
			target = 9D017429141AA6F10035A4C2 /* iM3 */;
			targetProxy = 9D01743D141AA6F10035A4C2 /* PBXContainerItemProxy */;
		};
		9D48ACED141E9E3F00D0D000 /* PBXTargetDependency */ = {
			isa = PBXTargetDependency;
			target = 9D48ACB6141E9E3E00D0D000 /* iM3Example */;
			targetProxy = 9D48ACEC141E9E3F00D0D000 /* PBXContainerItemProxy */;
		};
		9D8B8B041413CA8B0066ECBB /* PBXTargetDependency */ = {
			isa = PBXTargetDependency;
			target = 9D8B8AEA1413CA8B0066ECBB /* M3 */;
			targetProxy = 9D8B8B031413CA8B0066ECBB /* PBXContainerItemProxy */;
		};
/* End PBXTargetDependency section */

/* Begin PBXVariantGroup section */
		9D017443141AA6F10035A4C2 /* InfoPlist.strings */ = {
			isa = PBXVariantGroup;
			children = (
				9D017444141AA6F10035A4C2 /* en */,
			);
			name = InfoPlist.strings;
			sourceTree = "<group>";
		};
		9D48ACC0141E9E3E00D0D000 /* InfoPlist.strings */ = {
			isa = PBXVariantGroup;
			children = (
				9D48ACC1141E9E3E00D0D000 /* en */,
			);
			name = InfoPlist.strings;
			sourceTree = "<group>";
		};
		9D48ACD7141E9E3E00D0D000 /* FirstViewController_iPhone.xib */ = {
			isa = PBXVariantGroup;
			children = (
				9D48ACD8141E9E3E00D0D000 /* en */,
			);
			name = FirstViewController_iPhone.xib;
			sourceTree = "<group>";
		};
		9D48ACDA141E9E3E00D0D000 /* FirstViewController_iPad.xib */ = {
			isa = PBXVariantGroup;
			children = (
				9D48ACDB141E9E3E00D0D000 /* en */,
			);
			name = FirstViewController_iPad.xib;
			sourceTree = "<group>";
		};
		9D48ACDD141E9E3E00D0D000 /* SecondViewController_iPhone.xib */ = {
			isa = PBXVariantGroup;
			children = (
				9D48ACDE141E9E3E00D0D000 /* en */,
			);
			name = SecondViewController_iPhone.xib;
			sourceTree = "<group>";
		};
		9D48ACE0141E9E3E00D0D000 /* SecondViewController_iPad.xib */ = {
			isa = PBXVariantGroup;
			children = (
				9D48ACE1141E9E3E00D0D000 /* en */,
			);
			name = SecondViewController_iPad.xib;
			sourceTree = "<group>";
		};
		9D48ACF1141E9E3F00D0D000 /* InfoPlist.strings */ = {
			isa = PBXVariantGroup;
			children = (
				9D48ACF2141E9E3F00D0D000 /* en */,
			);
			name = InfoPlist.strings;
			sourceTree = "<group>";
		};
		9D8B8B091413CA8B0066ECBB /* InfoPlist.strings */ = {
			isa = PBXVariantGroup;
			children = (
				9D8B8B0A1413CA8B0066ECBB /* en */,
			);
			name = InfoPlist.strings;
			sourceTree = "<group>";
		};
/* End PBXVariantGroup section */

/* Begin XCBuildConfiguration section */
		9D017449141AA6F10035A4C2 /* Debug */ = {
			isa = XCBuildConfiguration;
			buildSettings = {
				ARCHS = "$(ARCHS_STANDARD_32_BIT)";
				DSTROOT = /tmp/iM3.dst;
				GCC_PRECOMPILE_PREFIX_HEADER = YES;
				GCC_PREFIX_HEADER = "iM3/iM3-Prefix.pch";
				IPHONEOS_DEPLOYMENT_TARGET = 4.0;
				OTHER_LDFLAGS = (
					"-all_load",
					"-ObjC",
				);
				PRODUCT_NAME = "$(TARGET_NAME)";
				SDKROOT = iphoneos;
				SKIP_INSTALL = YES;
			};
			name = Debug;
		};
		9D01744A141AA6F10035A4C2 /* Release */ = {
			isa = XCBuildConfiguration;
			buildSettings = {
				ARCHS = "$(ARCHS_STANDARD_32_BIT)";
				DSTROOT = /tmp/iM3.dst;
				GCC_PRECOMPILE_PREFIX_HEADER = YES;
				GCC_PREFIX_HEADER = "iM3/iM3-Prefix.pch";
				IPHONEOS_DEPLOYMENT_TARGET = 4.0;
				OTHER_LDFLAGS = (
					"-all_load",
					"-ObjC",
				);
				PRODUCT_NAME = "$(TARGET_NAME)";
				SDKROOT = iphoneos;
				SKIP_INSTALL = YES;
				VALIDATE_PRODUCT = YES;
			};
			name = Release;
		};
		9D01744B141AA6F10035A4C2 /* Debug */ = {
			isa = XCBuildConfiguration;
			buildSettings = {
				ARCHS = "$(ARCHS_STANDARD_32_BIT)";
				FRAMEWORK_SEARCH_PATHS = (
					"$(SDKROOT)/Developer/Library/Frameworks",
					"$(DEVELOPER_LIBRARY_DIR)/Frameworks",
				);
				GCC_PRECOMPILE_PREFIX_HEADER = YES;
				GCC_PREFIX_HEADER = "iM3/iM3-Prefix.pch";
				INFOPLIST_FILE = "iM3Tests/iM3Tests-Info.plist";
				IPHONEOS_DEPLOYMENT_TARGET = 4.0;
				OTHER_LDFLAGS = (
					"-ObjC",
					"-all_load",
				);
				PRODUCT_NAME = "$(TARGET_NAME)";
				SDKROOT = iphoneos;
				WRAPPER_EXTENSION = octest;
			};
			name = Debug;
		};
		9D01744C141AA6F10035A4C2 /* Release */ = {
			isa = XCBuildConfiguration;
			buildSettings = {
				ARCHS = "$(ARCHS_STANDARD_32_BIT)";
				FRAMEWORK_SEARCH_PATHS = (
					"$(SDKROOT)/Developer/Library/Frameworks",
					"$(DEVELOPER_LIBRARY_DIR)/Frameworks",
				);
				GCC_PRECOMPILE_PREFIX_HEADER = YES;
				GCC_PREFIX_HEADER = "iM3/iM3-Prefix.pch";
				INFOPLIST_FILE = "iM3Tests/iM3Tests-Info.plist";
				IPHONEOS_DEPLOYMENT_TARGET = 4.0;
				OTHER_LDFLAGS = (
					"-ObjC",
					"-all_load",
				);
				PRODUCT_NAME = "$(TARGET_NAME)";
				SDKROOT = iphoneos;
				VALIDATE_PRODUCT = YES;
				WRAPPER_EXTENSION = octest;
			};
			name = Release;
		};
		9D48ACF7141E9E3F00D0D000 /* Debug */ = {
			isa = XCBuildConfiguration;
			buildSettings = {
				ARCHS = "$(ARCHS_STANDARD_32_BIT)";
				"CODE_SIGN_IDENTITY[sdk=iphoneos*]" = "iPhone Developer";
				FRAMEWORK_SEARCH_PATHS = (
					"$(inherited)",
					"\"$(DEVELOPER_FRAMEWORKS_DIR)\"",
				);
				GCC_PRECOMPILE_PREFIX_HEADER = YES;
				GCC_PREFIX_HEADER = "iM3Example/iM3Example-Prefix.pch";
				INFOPLIST_FILE = "iM3Example/iM3Example-Info.plist";
				IPHONEOS_DEPLOYMENT_TARGET = 4.0;
				PRODUCT_NAME = "$(TARGET_NAME)";
				SDKROOT = iphoneos;
				TARGETED_DEVICE_FAMILY = "1,2";
				WRAPPER_EXTENSION = app;
			};
			name = Debug;
		};
		9D48ACF8141E9E3F00D0D000 /* Release */ = {
			isa = XCBuildConfiguration;
			buildSettings = {
				ARCHS = "$(ARCHS_STANDARD_32_BIT)";
				"CODE_SIGN_IDENTITY[sdk=iphoneos*]" = "iPhone Developer";
				FRAMEWORK_SEARCH_PATHS = (
					"$(inherited)",
					"\"$(DEVELOPER_FRAMEWORKS_DIR)\"",
				);
				GCC_PRECOMPILE_PREFIX_HEADER = YES;
				GCC_PREFIX_HEADER = "iM3Example/iM3Example-Prefix.pch";
				INFOPLIST_FILE = "iM3Example/iM3Example-Info.plist";
				IPHONEOS_DEPLOYMENT_TARGET = 4.0;
				OTHER_CFLAGS = "-DNS_BLOCK_ASSERTIONS=1";
				PRODUCT_NAME = "$(TARGET_NAME)";
				SDKROOT = iphoneos;
				TARGETED_DEVICE_FAMILY = "1,2";
				VALIDATE_PRODUCT = YES;
				WRAPPER_EXTENSION = app;
			};
			name = Release;
		};
		9D48ACF9141E9E3F00D0D000 /* Debug */ = {
			isa = XCBuildConfiguration;
			buildSettings = {
				ARCHS = "$(ARCHS_STANDARD_32_BIT)";
				BUNDLE_LOADER = "$(BUILT_PRODUCTS_DIR)/iM3Example.app/iM3Example";
				FRAMEWORK_SEARCH_PATHS = (
					"$(SDKROOT)/Developer/Library/Frameworks",
					"$(DEVELOPER_LIBRARY_DIR)/Frameworks",
				);
				GCC_PRECOMPILE_PREFIX_HEADER = YES;
				GCC_PREFIX_HEADER = "iM3Example/iM3Example-Prefix.pch";
				INFOPLIST_FILE = "iM3ExampleTests/iM3ExampleTests-Info.plist";
				IPHONEOS_DEPLOYMENT_TARGET = 4.0;
				PRODUCT_NAME = "$(TARGET_NAME)";
				SDKROOT = iphoneos;
				TEST_HOST = "$(BUNDLE_LOADER)";
				WRAPPER_EXTENSION = octest;
			};
			name = Debug;
		};
		9D48ACFA141E9E3F00D0D000 /* Release */ = {
			isa = XCBuildConfiguration;
			buildSettings = {
				ARCHS = "$(ARCHS_STANDARD_32_BIT)";
				BUNDLE_LOADER = "$(BUILT_PRODUCTS_DIR)/iM3Example.app/iM3Example";
				FRAMEWORK_SEARCH_PATHS = (
					"$(SDKROOT)/Developer/Library/Frameworks",
					"$(DEVELOPER_LIBRARY_DIR)/Frameworks",
				);
				GCC_PRECOMPILE_PREFIX_HEADER = YES;
				GCC_PREFIX_HEADER = "iM3Example/iM3Example-Prefix.pch";
				INFOPLIST_FILE = "iM3ExampleTests/iM3ExampleTests-Info.plist";
				IPHONEOS_DEPLOYMENT_TARGET = 4.0;
				PRODUCT_NAME = "$(TARGET_NAME)";
				SDKROOT = iphoneos;
				TEST_HOST = "$(BUNDLE_LOADER)";
				VALIDATE_PRODUCT = YES;
				WRAPPER_EXTENSION = octest;
			};
			name = Release;
		};
		9D8B8B0F1413CA8B0066ECBB /* Debug */ = {
			isa = XCBuildConfiguration;
			buildSettings = {
				ALWAYS_SEARCH_USER_PATHS = NO;
				ARCHS = "$(ARCHS_STANDARD_64_BIT)";
				COPY_PHASE_STRIP = NO;
				GCC_C_LANGUAGE_STANDARD = gnu99;
				GCC_DYNAMIC_NO_PIC = NO;
				GCC_ENABLE_OBJC_EXCEPTIONS = YES;
				GCC_OPTIMIZATION_LEVEL = 0;
				GCC_PREPROCESSOR_DEFINITIONS = (
					"DEBUG=1",
					"$(inherited)",
				);
				GCC_SYMBOLS_PRIVATE_EXTERN = NO;
				GCC_VERSION = com.apple.compilers.llvm.clang.1_0;
				GCC_WARN_64_TO_32_BIT_CONVERSION = YES;
				GCC_WARN_ABOUT_MISSING_PROTOTYPES = YES;
				GCC_WARN_ABOUT_RETURN_TYPE = YES;
				GCC_WARN_UNUSED_VARIABLE = YES;
				MACOSX_DEPLOYMENT_TARGET = 10.7;
				ONLY_ACTIVE_ARCH = YES;
				SDKROOT = macosx;
			};
			name = Debug;
		};
		9D8B8B101413CA8B0066ECBB /* Release */ = {
			isa = XCBuildConfiguration;
			buildSettings = {
				ALWAYS_SEARCH_USER_PATHS = NO;
				ARCHS = "$(ARCHS_STANDARD_64_BIT)";
				COPY_PHASE_STRIP = YES;
				DEBUG_INFORMATION_FORMAT = "dwarf-with-dsym";
				GCC_C_LANGUAGE_STANDARD = gnu99;
				GCC_ENABLE_OBJC_EXCEPTIONS = YES;
				GCC_VERSION = com.apple.compilers.llvm.clang.1_0;
				GCC_WARN_64_TO_32_BIT_CONVERSION = YES;
				GCC_WARN_ABOUT_MISSING_PROTOTYPES = YES;
				GCC_WARN_ABOUT_RETURN_TYPE = YES;
				GCC_WARN_UNUSED_VARIABLE = YES;
				MACOSX_DEPLOYMENT_TARGET = 10.7;
				SDKROOT = macosx;
			};
			name = Release;
		};
		9D8B8B121413CA8B0066ECBB /* Debug */ = {
			isa = XCBuildConfiguration;
			buildSettings = {
				GCC_PRECOMPILE_PREFIX_HEADER = YES;
				GCC_PREFIX_HEADER = "M3/M3-Prefix.pch";
				PRODUCT_NAME = "$(TARGET_NAME)";
			};
			name = Debug;
		};
		9D8B8B131413CA8B0066ECBB /* Release */ = {
			isa = XCBuildConfiguration;
			buildSettings = {
				GCC_PRECOMPILE_PREFIX_HEADER = YES;
				GCC_PREFIX_HEADER = "M3/M3-Prefix.pch";
				PRODUCT_NAME = "$(TARGET_NAME)";
			};
			name = Release;
		};
		9D8B8B151413CA8B0066ECBB /* Debug */ = {
			isa = XCBuildConfiguration;
			buildSettings = {
				FRAMEWORK_SEARCH_PATHS = "$(DEVELOPER_LIBRARY_DIR)/Frameworks";
				GCC_PRECOMPILE_PREFIX_HEADER = YES;
				GCC_PREFIX_HEADER = "M3/M3-Prefix.pch";
				INFOPLIST_FILE = "M3Tests/M3Tests-Info.plist";
				OTHER_LDFLAGS = (
					"-ObjC",
					"-all_load",
				);
				PRODUCT_NAME = "$(TARGET_NAME)";
				WRAPPER_EXTENSION = octest;
			};
			name = Debug;
		};
		9D8B8B161413CA8B0066ECBB /* Release */ = {
			isa = XCBuildConfiguration;
			buildSettings = {
				FRAMEWORK_SEARCH_PATHS = "$(DEVELOPER_LIBRARY_DIR)/Frameworks";
				GCC_PRECOMPILE_PREFIX_HEADER = YES;
				GCC_PREFIX_HEADER = "M3/M3-Prefix.pch";
				INFOPLIST_FILE = "M3Tests/M3Tests-Info.plist";
				OTHER_LDFLAGS = (
					"-ObjC",
					"-all_load",
				);
				PRODUCT_NAME = "$(TARGET_NAME)";
				WRAPPER_EXTENSION = octest;
			};
			name = Release;
		};
/* End XCBuildConfiguration section */

/* Begin XCConfigurationList section */
		9D01744D141AA6F10035A4C2 /* Build configuration list for PBXNativeTarget "iM3" */ = {
			isa = XCConfigurationList;
			buildConfigurations = (
				9D017449141AA6F10035A4C2 /* Debug */,
				9D01744A141AA6F10035A4C2 /* Release */,
			);
			defaultConfigurationIsVisible = 0;
			defaultConfigurationName = Release;
		};
		9D01744E141AA6F10035A4C2 /* Build configuration list for PBXNativeTarget "iM3Tests" */ = {
			isa = XCConfigurationList;
			buildConfigurations = (
				9D01744B141AA6F10035A4C2 /* Debug */,
				9D01744C141AA6F10035A4C2 /* Release */,
			);
			defaultConfigurationIsVisible = 0;
			defaultConfigurationName = Release;
		};
		9D48ACFB141E9E3F00D0D000 /* Build configuration list for PBXNativeTarget "iM3Example" */ = {
			isa = XCConfigurationList;
			buildConfigurations = (
				9D48ACF7141E9E3F00D0D000 /* Debug */,
				9D48ACF8141E9E3F00D0D000 /* Release */,
			);
			defaultConfigurationIsVisible = 0;
			defaultConfigurationName = Release;
		};
		9D48ACFC141E9E3F00D0D000 /* Build configuration list for PBXNativeTarget "iM3ExampleTests" */ = {
			isa = XCConfigurationList;
			buildConfigurations = (
				9D48ACF9141E9E3F00D0D000 /* Debug */,
				9D48ACFA141E9E3F00D0D000 /* Release */,
			);
			defaultConfigurationIsVisible = 0;
			defaultConfigurationName = Release;
		};
		9D8B8AE51413CA8B0066ECBB /* Build configuration list for PBXProject "M3" */ = {
			isa = XCConfigurationList;
			buildConfigurations = (
				9D8B8B0F1413CA8B0066ECBB /* Debug */,
				9D8B8B101413CA8B0066ECBB /* Release */,
			);
			defaultConfigurationIsVisible = 0;
			defaultConfigurationName = Release;
		};
		9D8B8B111413CA8B0066ECBB /* Build configuration list for PBXNativeTarget "M3" */ = {
			isa = XCConfigurationList;
			buildConfigurations = (
				9D8B8B121413CA8B0066ECBB /* Debug */,
				9D8B8B131413CA8B0066ECBB /* Release */,
			);
			defaultConfigurationIsVisible = 0;
			defaultConfigurationName = Release;
		};
		9D8B8B141413CA8B0066ECBB /* Build configuration list for PBXNativeTarget "M3Tests" */ = {
			isa = XCConfigurationList;
			buildConfigurations = (
				9D8B8B151413CA8B0066ECBB /* Debug */,
				9D8B8B161413CA8B0066ECBB /* Release */,
			);
			defaultConfigurationIsVisible = 0;
			defaultConfigurationName = Release;
		};
/* End XCConfigurationList section */
	};
	rootObject = 9D8B8AE21413CA8B0066ECBB /* Project object */;
}
