// !$*UTF8*$!
{
	archiveVersion = 1;
	classes = {
	};
	objectVersion = 46;
	objects = {

/* Begin PBXBuildFile section */
		9D5BE1EF155BC52D0026D0F7 /* UIKit.framework in Frameworks */ = {isa = PBXBuildFile; fileRef = 9D5BE1EE155BC52D0026D0F7 /* UIKit.framework */; };
		9D5BE1F1155BC52D0026D0F7 /* Foundation.framework in Frameworks */ = {isa = PBXBuildFile; fileRef = 9D5BE1F0155BC52D0026D0F7 /* Foundation.framework */; };
		9D5BE1F3155BC52D0026D0F7 /* CoreGraphics.framework in Frameworks */ = {isa = PBXBuildFile; fileRef = 9D5BE1F2155BC52D0026D0F7 /* CoreGraphics.framework */; };
		9D5BE1F9155BC52D0026D0F7 /* InfoPlist.strings in Resources */ = {isa = PBXBuildFile; fileRef = 9D5BE1F7155BC52D0026D0F7 /* InfoPlist.strings */; };
		9D5BE1FB155BC52D0026D0F7 /* main.m in Sources */ = {isa = PBXBuildFile; fileRef = 9D5BE1FA155BC52D0026D0F7 /* main.m */; };
		9D5BE1FF155BC52D0026D0F7 /* RSAppDelegate.m in Sources */ = {isa = PBXBuildFile; fileRef = 9D5BE1FE155BC52D0026D0F7 /* RSAppDelegate.m */; };
/* End PBXBuildFile section */

/* Begin PBXFileReference section */
		9D5BE1EA155BC52D0026D0F7 /* kinopilot-flk.app */ = {isa = PBXFileReference; explicitFileType = wrapper.application; includeInIndex = 0; path = "kinopilot-flk.app"; sourceTree = BUILT_PRODUCTS_DIR; };
		9D5BE1EE155BC52D0026D0F7 /* UIKit.framework */ = {isa = PBXFileReference; lastKnownFileType = wrapper.framework; name = UIKit.framework; path = System/Library/Frameworks/UIKit.framework; sourceTree = SDKROOT; };
		9D5BE1F0155BC52D0026D0F7 /* Foundation.framework */ = {isa = PBXFileReference; lastKnownFileType = wrapper.framework; name = Foundation.framework; path = System/Library/Frameworks/Foundation.framework; sourceTree = SDKROOT; };
		9D5BE1F2155BC52D0026D0F7 /* CoreGraphics.framework */ = {isa = PBXFileReference; lastKnownFileType = wrapper.framework; name = CoreGraphics.framework; path = System/Library/Frameworks/CoreGraphics.framework; sourceTree = SDKROOT; };
		9D5BE1F6155BC52D0026D0F7 /* kinopilot-flk-Info.plist */ = {isa = PBXFileReference; path = "kinopilot-flk-Info.plist"; sourceTree = "<group>"; };
		9D5BE1F8155BC52D0026D0F7 /* en */ = {isa = PBXFileReference; lastKnownFileType = text.plist.strings; name = en; path = en.lproj/InfoPlist.strings; sourceTree = "<group>"; };
		9D5BE1FA155BC52D0026D0F7 /* main.m */ = {isa = PBXFileReference; lastKnownFileType = sourcecode.c.objc; path = main.m; sourceTree = "<group>"; };
		9D5BE1FC155BC52D0026D0F7 /* kinopilot-flk-Prefix.pch */ = {isa = PBXFileReference; path = "kinopilot-flk-Prefix.pch"; sourceTree = "<group>"; };
		9D5BE1FD155BC52D0026D0F7 /* RSAppDelegate.h */ = {isa = PBXFileReference; path = RSAppDelegate.h; sourceTree = "<group>"; };
		9D5BE1FE155BC52D0026D0F7 /* RSAppDelegate.m */ = {isa = PBXFileReference; lastKnownFileType = sourcecode.c.objc; path = RSAppDelegate.m; sourceTree = "<group>"; };
/* End PBXFileReference section */

/* Begin PBXFrameworksBuildPhase section */
		9D5BE1E7155BC52D0026D0F7 /* Frameworks */ = {
			isa = PBXFrameworksBuildPhase;
			buildActionMask = 2147483647;
			files = (
				9D5BE1EF155BC52D0026D0F7 /* UIKit.framework in Frameworks */,
				9D5BE1F1155BC52D0026D0F7 /* Foundation.framework in Frameworks */,
				9D5BE1F3155BC52D0026D0F7 /* CoreGraphics.framework in Frameworks */,
			);
			runOnlyForDeploymentPostprocessing = 0;
		};
/* End PBXFrameworksBuildPhase section */

/* Begin PBXGroup section */
		9D5BE1DF155BC52D0026D0F7 = {
			isa = PBXGroup;
			children = (
				9D5BE1F4155BC52D0026D0F7 /* kinopilot-flk */,
				9D5BE1ED155BC52D0026D0F7 /* Frameworks */,
				9D5BE1EB155BC52D0026D0F7 /* Products */,
			);
			sourceTree = "<group>";
		};
		9D5BE1EB155BC52D0026D0F7 /* Products */ = {
			isa = PBXGroup;
			children = (
				9D5BE1EA155BC52D0026D0F7 /* kinopilot-flk.app */,
			);
			name = Products;
			sourceTree = "<group>";
		};
		9D5BE1ED155BC52D0026D0F7 /* Frameworks */ = {
			isa = PBXGroup;
			children = (
				9D5BE1EE155BC52D0026D0F7 /* UIKit.framework */,
				9D5BE1F0155BC52D0026D0F7 /* Foundation.framework */,
				9D5BE1F2155BC52D0026D0F7 /* CoreGraphics.framework */,
			);
			name = Frameworks;
			sourceTree = "<group>";
		};
		9D5BE1F4155BC52D0026D0F7 /* kinopilot-flk */ = {
			isa = PBXGroup;
			children = (
				9D5BE1FD155BC52D0026D0F7 /* RSAppDelegate.h */,
				9D5BE1FE155BC52D0026D0F7 /* RSAppDelegate.m */,
				9D5BE1F5155BC52D0026D0F7 /* Supporting Files */,
			);
			path = "kinopilot-flk";
			sourceTree = "<group>";
		};
		9D5BE1F5155BC52D0026D0F7 /* Supporting Files */ = {
			isa = PBXGroup;
			children = (
				9D5BE1F6155BC52D0026D0F7 /* kinopilot-flk-Info.plist */,
				9D5BE1F7155BC52D0026D0F7 /* InfoPlist.strings */,
				9D5BE1FA155BC52D0026D0F7 /* main.m */,
				9D5BE1FC155BC52D0026D0F7 /* kinopilot-flk-Prefix.pch */,
			);
			name = "Supporting Files";
			sourceTree = "<group>";
		};
/* End PBXGroup section */

/* Begin PBXNativeTarget section */
		9D5BE1E9155BC52D0026D0F7 /* kinopilot-flk */ = {
			isa = PBXNativeTarget;
			buildConfigurationList = 9D5BE202155BC52D0026D0F7 /* Build configuration list for PBXNativeTarget "kinopilot-flk" */;
			buildPhases = (
				9D5BE1E6155BC52D0026D0F7 /* Sources */,
				9D5BE1E7155BC52D0026D0F7 /* Frameworks */,
				9D5BE1E8155BC52D0026D0F7 /* Resources */,
			);
			buildRules = (
			);
			dependencies = (
			);
			name = "kinopilot-flk";
			productName = "kinopilot-flk";
			productReference = 9D5BE1EA155BC52D0026D0F7 /* kinopilot-flk.app */;
			productType = "com.apple.product-type.application";
		};
/* End PBXNativeTarget section */

/* Begin PBXProject section */
		9D5BE1E1155BC52D0026D0F7 /* Project object */ = {
			isa = PBXProject;
			attributes = {
				CLASSPREFIX = RS;
				LastUpgradeCheck = 0430;
				ORGANIZATIONNAME = n/a;
			};
			buildConfigurationList = 9D5BE1E4155BC52D0026D0F7 /* Build configuration list for PBXProject "kinopilot-flk" */;
			compatibilityVersion = "Xcode 3.2";
			developmentRegion = English;
			hasScannedForEncodings = 0;
			knownRegions = (
				en,
			);
			mainGroup = 9D5BE1DF155BC52D0026D0F7;
			productRefGroup = 9D5BE1EB155BC52D0026D0F7 /* Products */;
			projectDirPath = "";
			projectRoot = "";
			targets = (
				9D5BE1E9155BC52D0026D0F7 /* kinopilot-flk */,
			);
		};
/* End PBXProject section */

/* Begin PBXResourcesBuildPhase section */
		9D5BE1E8155BC52D0026D0F7 /* Resources */ = {
			isa = PBXResourcesBuildPhase;
			buildActionMask = 2147483647;
			files = (
				9D5BE1F9155BC52D0026D0F7 /* InfoPlist.strings in Resources */,
			);
			runOnlyForDeploymentPostprocessing = 0;
		};
/* End PBXResourcesBuildPhase section */

/* Begin PBXSourcesBuildPhase section */
		9D5BE1E6155BC52D0026D0F7 /* Sources */ = {
			isa = PBXSourcesBuildPhase;
			buildActionMask = 2147483647;
			files = (
				9D5BE1FB155BC52D0026D0F7 /* main.m in Sources */,
				9D5BE1FF155BC52D0026D0F7 /* RSAppDelegate.m in Sources */,
			);
			runOnlyForDeploymentPostprocessing = 0;
		};
/* End PBXSourcesBuildPhase section */

/* Begin PBXVariantGroup section */
		9D5BE1F7155BC52D0026D0F7 /* InfoPlist.strings */ = {
			isa = PBXVariantGroup;
			children = (
				9D5BE1F8155BC52D0026D0F7 /* en */,
			);
			name = InfoPlist.strings;
			sourceTree = "<group>";
		};
/* End PBXVariantGroup section */

/* Begin XCBuildConfiguration section */
		9D5BE200155BC52D0026D0F7 /* Debug */ = {
			isa = XCBuildConfiguration;
			buildSettings = {
				ALWAYS_SEARCH_USER_PATHS = NO;
				ARCHS = "$(ARCHS_STANDARD_32_BIT)";
				"CODE_SIGN_IDENTITY[sdk=iphoneos*]" = "iPhone Developer";
				COPY_PHASE_STRIP = NO;
				GCC_C_LANGUAGE_STANDARD = gnu99;
				GCC_DYNAMIC_NO_PIC = NO;
				GCC_OPTIMIZATION_LEVEL = 0;
				GCC_PREPROCESSOR_DEFINITIONS = (
					"DEBUG=1",
					"$(inherited)",
				);
				GCC_SYMBOLS_PRIVATE_EXTERN = NO;
				GCC_VERSION = com.apple.compilers.llvm.clang.1_0;
				GCC_WARN_ABOUT_RETURN_TYPE = YES;
				GCC_WARN_UNINITIALIZED_AUTOS = YES;
				GCC_WARN_UNUSED_VARIABLE = YES;
				IPHONEOS_DEPLOYMENT_TARGET = 5.1;
				SDKROOT = iphoneos;
			};
			name = Debug;
		};
		9D5BE201155BC52D0026D0F7 /* Release */ = {
			isa = XCBuildConfiguration;
			buildSettings = {
				ALWAYS_SEARCH_USER_PATHS = NO;
				ARCHS = "$(ARCHS_STANDARD_32_BIT)";
				"CODE_SIGN_IDENTITY[sdk=iphoneos*]" = "iPhone Developer";
				COPY_PHASE_STRIP = YES;
				GCC_C_LANGUAGE_STANDARD = gnu99;
				GCC_VERSION = com.apple.compilers.llvm.clang.1_0;
				GCC_WARN_ABOUT_RETURN_TYPE = YES;
				GCC_WARN_UNINITIALIZED_AUTOS = YES;
				GCC_WARN_UNUSED_VARIABLE = YES;
				IPHONEOS_DEPLOYMENT_TARGET = 5.1;
				OTHER_CFLAGS = "-DNS_BLOCK_ASSERTIONS=1";
				SDKROOT = iphoneos;
				VALIDATE_PRODUCT = YES;
			};
			name = Release;
		};
		9D5BE203155BC52D0026D0F7 /* Debug */ = {
			isa = XCBuildConfiguration;
			buildSettings = {
				GCC_PRECOMPILE_PREFIX_HEADER = YES;
				GCC_PREFIX_HEADER = "kinopilot-flk/kinopilot-flk-Prefix.pch";
				INFOPLIST_FILE = "kinopilot-flk/kinopilot-flk-Info.plist";
				PRODUCT_NAME = "$(TARGET_NAME)";
				WRAPPER_EXTENSION = app;
			};
			name = Debug;
		};
		9D5BE204155BC52D0026D0F7 /* Release */ = {
			isa = XCBuildConfiguration;
			buildSettings = {
				GCC_PRECOMPILE_PREFIX_HEADER = YES;
				GCC_PREFIX_HEADER = "kinopilot-flk/kinopilot-flk-Prefix.pch";
				INFOPLIST_FILE = "kinopilot-flk/kinopilot-flk-Info.plist";
				PRODUCT_NAME = "$(TARGET_NAME)";
				WRAPPER_EXTENSION = app;
			};
			name = Release;
		};
/* End XCBuildConfiguration section */

/* Begin XCConfigurationList section */
		9D5BE1E4155BC52D0026D0F7 /* Build configuration list for PBXProject "kinopilot-flk" */ = {
			isa = XCConfigurationList;
			buildConfigurations = (
				9D5BE200155BC52D0026D0F7 /* Debug */,
				9D5BE201155BC52D0026D0F7 /* Release */,
			);
			defaultConfigurationIsVisible = 0;
			defaultConfigurationName = Release;
		};
		9D5BE202155BC52D0026D0F7 /* Build configuration list for PBXNativeTarget "kinopilot-flk" */ = {
			isa = XCConfigurationList;
			buildConfigurations = (
				9D5BE203155BC52D0026D0F7 /* Debug */,
				9D5BE204155BC52D0026D0F7 /* Release */,
			);
			defaultConfigurationIsVisible = 0;
		};
/* End XCConfigurationList section */
	};
	rootObject = 9D5BE1E1155BC52D0026D0F7 /* Project object */;
}
